
Microsoft Visual Studio Solution File, Format Version 12.00
# Visual Studio 2013
VisualStudioVersion = 12.0.21005.1
MinimumVisualStudioVersion = 10.0.40219.1
Project("{FAE04EC0-301F-11D3-BF4B-00C04F79EFBC}") = "GameFramework", "GameFramework\GameFramework.csproj", "{E30E5EEE-AAF6-4455-8BC5-40E158EACBC1}"
EndProject
Project("{FAE04EC0-301F-11D3-BF4B-00C04F79EFBC}") = "Windows8Base", "Windows8Base\Windows8Base.csproj", "{315555C8-9848-40A9-8BB2-01337D2CAABF}"
EndProject
Project("{FAE04EC0-301F-11D3-BF4B-00C04F79EFBC}") = "WindowsPhone8Base", "WindowsPhone8Base\WindowsPhone8Base.csproj", "{D5E60CBA-CC8C-4EDE-9212-9C660A4B558B}"
EndProject
Project("{FAE04EC0-301F-11D3-BF4B-00C04F79EFBC}") = "WindowsBase", "WindowsBase\WindowsBase.csproj", "{370C3028-2B87-4F29-A722-C4B4873BF813}"
EndProject
Project("{2150E333-8FDC-42A3-9474-1A3956D46DE8}") = "Base Launcher", "Base Launcher", "{0766DDEE-2B34-4218-A560-41656291D1B8}"
EndProject
Project("{FAE04EC0-301F-11D3-BF4B-00C04F79EFBC}") = "WindowsPhone8Samples", "WindowsPhone8Samples\WindowsPhone8Samples.csproj", "{014EAFCB-5757-4768-8F33-0AA8F67F1E44}"
EndProject
Project("{FAE04EC0-301F-11D3-BF4B-00C04F79EFBC}") = "Windows8Samples", "Windows8Samples\Windows8Samples.csproj", "{681CB816-F991-44AF-AF0E-52114D02DAE8}"
EndProject
Project("{FAE04EC0-301F-11D3-BF4B-00C04F79EFBC}") = "WindowsSamples", "WindowsSamples\WindowsSamples.csproj", "{1A34935D-D462-4D2B-AF00-36B4A599AB0F}"
EndProject
Project("{2150E333-8FDC-42A3-9474-1A3956D46DE8}") = "Samples Launcher", "Samples Launcher", "{F29EE311-BF5E-4972-863F-AAFD710EA650}"
EndProject
Project("{FAE04EC0-301F-11D3-BF4B-00C04F79EFBC}") = "SamplesBrowser", "SamplesBrowser\SamplesBrowser.csproj", "{A6633657-3842-417A-B3F0-2FB329130139}"
EndProject
Project("{2150E333-8FDC-42A3-9474-1A3956D46DE8}") = "Utilities", "Utilities", "{AA05FBE3-4E25-4F19-82A2-3145C3EFB98B}"
EndProject
Project("{FAE04EC0-301F-11D3-BF4B-00C04F79EFBC}") = "ContentSync", "ContentSync\ContentSync.csproj", "{CEE2B382-4F02-4693-AE8D-2DF483DD88CC}"
EndProject
Project("{FAE04EC0-301F-11D3-BF4B-00C04F79EFBC}") = "AndroidSamples", "AndroidSamples\AndroidSamples.csproj", "{3DCC7071-6360-4E30-922F-4C9544E4838A}"
EndProject
Project("{2150E333-8FDC-42A3-9474-1A3956D46DE8}") = "Solution Items", "Solution Items", "{E68D5BC9-1591-4434-A571-F69A56822570}"
	ProjectSection(SolutionItems) = preProject
		License.txt = License.txt
		Readme.txt = Readme.txt
		Settings.StyleCop = Settings.StyleCop
		Todo.md = Todo.md
	EndProjectSection
EndProject
Project("{FAE04EC0-301F-11D3-BF4B-00C04F79EFBC}") = "ContentSyncTests", "ContentSyncTests\ContentSyncTests.csproj", "{001887A1-A043-455F-85C3-D87B48B530E0}"
EndProject
Project("{FAE04EC0-301F-11D3-BF4B-00C04F79EFBC}") = "GameFramework.IO", "GameFramework.IO\GameFramework.IO.csproj", "{267EDCAB-F1BF-4678-B412-DCA86AFB2603}"
EndProject
Global
	GlobalSection(SolutionConfigurationPlatforms) = preSolution
		Android|Any CPU = Android|Any CPU
		Android|ARM = Android|ARM
		Android|Mixed Platforms = Android|Mixed Platforms
		Android|x64 = Android|x64
		Android|x86 = Android|x86
		Debug|Any CPU = Debug|Any CPU
		Debug|ARM = Debug|ARM
		Debug|Mixed Platforms = Debug|Mixed Platforms
		Debug|x64 = Debug|x64
		Debug|x86 = Debug|x86
		iOS|Any CPU = iOS|Any CPU
		iOS|ARM = iOS|ARM
		iOS|Mixed Platforms = iOS|Mixed Platforms
		iOS|x64 = iOS|x64
		iOS|x86 = iOS|x86
		Linux|Any CPU = Linux|Any CPU
		Linux|ARM = Linux|ARM
		Linux|Mixed Platforms = Linux|Mixed Platforms
		Linux|x64 = Linux|x64
		Linux|x86 = Linux|x86
		OSX|Any CPU = OSX|Any CPU
		OSX|ARM = OSX|ARM
		OSX|Mixed Platforms = OSX|Mixed Platforms
		OSX|x64 = OSX|x64
		OSX|x86 = OSX|x86
		PSM|Any CPU = PSM|Any CPU
		PSM|ARM = PSM|ARM
		PSM|Mixed Platforms = PSM|Mixed Platforms
		PSM|x64 = PSM|x64
		PSM|x86 = PSM|x86
		Release|Any CPU = Release|Any CPU
		Release|ARM = Release|ARM
		Release|Mixed Platforms = Release|Mixed Platforms
		Release|x64 = Release|x64
		Release|x86 = Release|x86
		Windows|Any CPU = Windows|Any CPU
		Windows|ARM = Windows|ARM
		Windows|Mixed Platforms = Windows|Mixed Platforms
		Windows|x64 = Windows|x64
		Windows|x86 = Windows|x86
		Windows8|Any CPU = Windows8|Any CPU
		Windows8|ARM = Windows8|ARM
		Windows8|Mixed Platforms = Windows8|Mixed Platforms
		Windows8|x64 = Windows8|x64
		Windows8|x86 = Windows8|x86
	EndGlobalSection
	GlobalSection(ProjectConfigurationPlatforms) = postSolution
		{E30E5EEE-AAF6-4455-8BC5-40E158EACBC1}.Android|Any CPU.ActiveCfg = Release|Any CPU
		{E30E5EEE-AAF6-4455-8BC5-40E158EACBC1}.Android|Any CPU.Build.0 = Release|Any CPU
		{E30E5EEE-AAF6-4455-8BC5-40E158EACBC1}.Android|ARM.ActiveCfg = Release|Any CPU
		{E30E5EEE-AAF6-4455-8BC5-40E158EACBC1}.Android|Mixed Platforms.ActiveCfg = Release|Any CPU
		{E30E5EEE-AAF6-4455-8BC5-40E158EACBC1}.Android|Mixed Platforms.Build.0 = Release|Any CPU
		{E30E5EEE-AAF6-4455-8BC5-40E158EACBC1}.Android|x64.ActiveCfg = Release|Any CPU
		{E30E5EEE-AAF6-4455-8BC5-40E158EACBC1}.Android|x86.ActiveCfg = Release|Any CPU
		{E30E5EEE-AAF6-4455-8BC5-40E158EACBC1}.Debug|Any CPU.ActiveCfg = Debug|Any CPU
		{E30E5EEE-AAF6-4455-8BC5-40E158EACBC1}.Debug|Any CPU.Build.0 = Debug|Any CPU
		{E30E5EEE-AAF6-4455-8BC5-40E158EACBC1}.Debug|ARM.ActiveCfg = Debug|Any CPU
		{E30E5EEE-AAF6-4455-8BC5-40E158EACBC1}.Debug|Mixed Platforms.ActiveCfg = Debug|Any CPU
		{E30E5EEE-AAF6-4455-8BC5-40E158EACBC1}.Debug|Mixed Platforms.Build.0 = Debug|Any CPU
		{E30E5EEE-AAF6-4455-8BC5-40E158EACBC1}.Debug|x64.ActiveCfg = Debug|Any CPU
		{E30E5EEE-AAF6-4455-8BC5-40E158EACBC1}.Debug|x86.ActiveCfg = Debug|Any CPU
		{E30E5EEE-AAF6-4455-8BC5-40E158EACBC1}.iOS|Any CPU.ActiveCfg = Release|Any CPU
		{E30E5EEE-AAF6-4455-8BC5-40E158EACBC1}.iOS|Any CPU.Build.0 = Release|Any CPU
		{E30E5EEE-AAF6-4455-8BC5-40E158EACBC1}.iOS|ARM.ActiveCfg = Release|Any CPU
		{E30E5EEE-AAF6-4455-8BC5-40E158EACBC1}.iOS|Mixed Platforms.ActiveCfg = Release|Any CPU
		{E30E5EEE-AAF6-4455-8BC5-40E158EACBC1}.iOS|Mixed Platforms.Build.0 = Release|Any CPU
		{E30E5EEE-AAF6-4455-8BC5-40E158EACBC1}.iOS|x64.ActiveCfg = Release|Any CPU
		{E30E5EEE-AAF6-4455-8BC5-40E158EACBC1}.iOS|x86.ActiveCfg = Release|Any CPU
		{E30E5EEE-AAF6-4455-8BC5-40E158EACBC1}.Linux|Any CPU.ActiveCfg = Release|Any CPU
		{E30E5EEE-AAF6-4455-8BC5-40E158EACBC1}.Linux|Any CPU.Build.0 = Release|Any CPU
		{E30E5EEE-AAF6-4455-8BC5-40E158EACBC1}.Linux|ARM.ActiveCfg = Release|Any CPU
		{E30E5EEE-AAF6-4455-8BC5-40E158EACBC1}.Linux|Mixed Platforms.ActiveCfg = Release|Any CPU
		{E30E5EEE-AAF6-4455-8BC5-40E158EACBC1}.Linux|Mixed Platforms.Build.0 = Release|Any CPU
		{E30E5EEE-AAF6-4455-8BC5-40E158EACBC1}.Linux|x64.ActiveCfg = Release|Any CPU
		{E30E5EEE-AAF6-4455-8BC5-40E158EACBC1}.Linux|x86.ActiveCfg = Release|Any CPU
		{E30E5EEE-AAF6-4455-8BC5-40E158EACBC1}.OSX|Any CPU.ActiveCfg = Release|Any CPU
		{E30E5EEE-AAF6-4455-8BC5-40E158EACBC1}.OSX|Any CPU.Build.0 = Release|Any CPU
		{E30E5EEE-AAF6-4455-8BC5-40E158EACBC1}.OSX|ARM.ActiveCfg = Release|Any CPU
		{E30E5EEE-AAF6-4455-8BC5-40E158EACBC1}.OSX|Mixed Platforms.ActiveCfg = Release|Any CPU
		{E30E5EEE-AAF6-4455-8BC5-40E158EACBC1}.OSX|Mixed Platforms.Build.0 = Release|Any CPU
		{E30E5EEE-AAF6-4455-8BC5-40E158EACBC1}.OSX|x64.ActiveCfg = Release|Any CPU
		{E30E5EEE-AAF6-4455-8BC5-40E158EACBC1}.OSX|x86.ActiveCfg = Release|Any CPU
		{E30E5EEE-AAF6-4455-8BC5-40E158EACBC1}.PSM|Any CPU.ActiveCfg = Release|Any CPU
		{E30E5EEE-AAF6-4455-8BC5-40E158EACBC1}.PSM|Any CPU.Build.0 = Release|Any CPU
		{E30E5EEE-AAF6-4455-8BC5-40E158EACBC1}.PSM|ARM.ActiveCfg = Release|Any CPU
		{E30E5EEE-AAF6-4455-8BC5-40E158EACBC1}.PSM|Mixed Platforms.ActiveCfg = Release|Any CPU
		{E30E5EEE-AAF6-4455-8BC5-40E158EACBC1}.PSM|Mixed Platforms.Build.0 = Release|Any CPU
		{E30E5EEE-AAF6-4455-8BC5-40E158EACBC1}.PSM|x64.ActiveCfg = Release|Any CPU
		{E30E5EEE-AAF6-4455-8BC5-40E158EACBC1}.PSM|x86.ActiveCfg = Release|Any CPU
		{E30E5EEE-AAF6-4455-8BC5-40E158EACBC1}.Release|Any CPU.ActiveCfg = Release|Any CPU
		{E30E5EEE-AAF6-4455-8BC5-40E158EACBC1}.Release|Any CPU.Build.0 = Release|Any CPU
		{E30E5EEE-AAF6-4455-8BC5-40E158EACBC1}.Release|ARM.ActiveCfg = Release|Any CPU
		{E30E5EEE-AAF6-4455-8BC5-40E158EACBC1}.Release|Mixed Platforms.ActiveCfg = Release|Any CPU
		{E30E5EEE-AAF6-4455-8BC5-40E158EACBC1}.Release|Mixed Platforms.Build.0 = Release|Any CPU
		{E30E5EEE-AAF6-4455-8BC5-40E158EACBC1}.Release|x64.ActiveCfg = Release|Any CPU
		{E30E5EEE-AAF6-4455-8BC5-40E158EACBC1}.Release|x86.ActiveCfg = Release|Any CPU
		{E30E5EEE-AAF6-4455-8BC5-40E158EACBC1}.Windows|Any CPU.ActiveCfg = Release|Any CPU
		{E30E5EEE-AAF6-4455-8BC5-40E158EACBC1}.Windows|Any CPU.Build.0 = Release|Any CPU
		{E30E5EEE-AAF6-4455-8BC5-40E158EACBC1}.Windows|ARM.ActiveCfg = Release|Any CPU
		{E30E5EEE-AAF6-4455-8BC5-40E158EACBC1}.Windows|Mixed Platforms.ActiveCfg = Release|Any CPU
		{E30E5EEE-AAF6-4455-8BC5-40E158EACBC1}.Windows|Mixed Platforms.Build.0 = Release|Any CPU
		{E30E5EEE-AAF6-4455-8BC5-40E158EACBC1}.Windows|x64.ActiveCfg = Release|Any CPU
		{E30E5EEE-AAF6-4455-8BC5-40E158EACBC1}.Windows|x86.ActiveCfg = Release|Any CPU
		{E30E5EEE-AAF6-4455-8BC5-40E158EACBC1}.Windows8|Any CPU.ActiveCfg = Release|Any CPU
		{E30E5EEE-AAF6-4455-8BC5-40E158EACBC1}.Windows8|Any CPU.Build.0 = Release|Any CPU
		{E30E5EEE-AAF6-4455-8BC5-40E158EACBC1}.Windows8|ARM.ActiveCfg = Release|Any CPU
		{E30E5EEE-AAF6-4455-8BC5-40E158EACBC1}.Windows8|Mixed Platforms.ActiveCfg = Release|Any CPU
		{E30E5EEE-AAF6-4455-8BC5-40E158EACBC1}.Windows8|Mixed Platforms.Build.0 = Release|Any CPU
		{E30E5EEE-AAF6-4455-8BC5-40E158EACBC1}.Windows8|x64.ActiveCfg = Release|Any CPU
		{E30E5EEE-AAF6-4455-8BC5-40E158EACBC1}.Windows8|x86.ActiveCfg = Release|Any CPU
		{315555C8-9848-40A9-8BB2-01337D2CAABF}.Android|Any CPU.ActiveCfg = Release|Any CPU
		{315555C8-9848-40A9-8BB2-01337D2CAABF}.Android|Any CPU.Build.0 = Release|Any CPU
		{315555C8-9848-40A9-8BB2-01337D2CAABF}.Android|ARM.ActiveCfg = Release|ARM
		{315555C8-9848-40A9-8BB2-01337D2CAABF}.Android|ARM.Build.0 = Release|ARM
		{315555C8-9848-40A9-8BB2-01337D2CAABF}.Android|Mixed Platforms.ActiveCfg = Release|x86
		{315555C8-9848-40A9-8BB2-01337D2CAABF}.Android|Mixed Platforms.Build.0 = Release|x86
		{315555C8-9848-40A9-8BB2-01337D2CAABF}.Android|x64.ActiveCfg = Release|x64
		{315555C8-9848-40A9-8BB2-01337D2CAABF}.Android|x64.Build.0 = Release|x64
		{315555C8-9848-40A9-8BB2-01337D2CAABF}.Android|x86.ActiveCfg = Release|x86
		{315555C8-9848-40A9-8BB2-01337D2CAABF}.Android|x86.Build.0 = Release|x86
		{315555C8-9848-40A9-8BB2-01337D2CAABF}.Debug|Any CPU.ActiveCfg = Debug|Any CPU
		{315555C8-9848-40A9-8BB2-01337D2CAABF}.Debug|Any CPU.Build.0 = Debug|Any CPU
		{315555C8-9848-40A9-8BB2-01337D2CAABF}.Debug|Any CPU.Deploy.0 = Debug|Any CPU
		{315555C8-9848-40A9-8BB2-01337D2CAABF}.Debug|ARM.ActiveCfg = Debug|ARM
		{315555C8-9848-40A9-8BB2-01337D2CAABF}.Debug|ARM.Build.0 = Debug|ARM
		{315555C8-9848-40A9-8BB2-01337D2CAABF}.Debug|ARM.Deploy.0 = Debug|ARM
		{315555C8-9848-40A9-8BB2-01337D2CAABF}.Debug|Mixed Platforms.ActiveCfg = Debug|x86
		{315555C8-9848-40A9-8BB2-01337D2CAABF}.Debug|Mixed Platforms.Build.0 = Debug|x86
		{315555C8-9848-40A9-8BB2-01337D2CAABF}.Debug|Mixed Platforms.Deploy.0 = Debug|x86
		{315555C8-9848-40A9-8BB2-01337D2CAABF}.Debug|x64.ActiveCfg = Debug|x64
		{315555C8-9848-40A9-8BB2-01337D2CAABF}.Debug|x64.Build.0 = Debug|x64
		{315555C8-9848-40A9-8BB2-01337D2CAABF}.Debug|x64.Deploy.0 = Debug|x64
		{315555C8-9848-40A9-8BB2-01337D2CAABF}.Debug|x86.ActiveCfg = Debug|x86
		{315555C8-9848-40A9-8BB2-01337D2CAABF}.Debug|x86.Build.0 = Debug|x86
		{315555C8-9848-40A9-8BB2-01337D2CAABF}.Debug|x86.Deploy.0 = Debug|x86
		{315555C8-9848-40A9-8BB2-01337D2CAABF}.iOS|Any CPU.ActiveCfg = Release|Any CPU
		{315555C8-9848-40A9-8BB2-01337D2CAABF}.iOS|Any CPU.Build.0 = Release|Any CPU
		{315555C8-9848-40A9-8BB2-01337D2CAABF}.iOS|ARM.ActiveCfg = Release|ARM
		{315555C8-9848-40A9-8BB2-01337D2CAABF}.iOS|ARM.Build.0 = Release|ARM
		{315555C8-9848-40A9-8BB2-01337D2CAABF}.iOS|Mixed Platforms.ActiveCfg = Release|x86
		{315555C8-9848-40A9-8BB2-01337D2CAABF}.iOS|Mixed Platforms.Build.0 = Release|x86
		{315555C8-9848-40A9-8BB2-01337D2CAABF}.iOS|x64.ActiveCfg = Release|x64
		{315555C8-9848-40A9-8BB2-01337D2CAABF}.iOS|x64.Build.0 = Release|x64
		{315555C8-9848-40A9-8BB2-01337D2CAABF}.iOS|x86.ActiveCfg = Release|x86
		{315555C8-9848-40A9-8BB2-01337D2CAABF}.iOS|x86.Build.0 = Release|x86
		{315555C8-9848-40A9-8BB2-01337D2CAABF}.Linux|Any CPU.ActiveCfg = Release|Any CPU
		{315555C8-9848-40A9-8BB2-01337D2CAABF}.Linux|Any CPU.Build.0 = Release|Any CPU
		{315555C8-9848-40A9-8BB2-01337D2CAABF}.Linux|ARM.ActiveCfg = Release|ARM
		{315555C8-9848-40A9-8BB2-01337D2CAABF}.Linux|ARM.Build.0 = Release|ARM
		{315555C8-9848-40A9-8BB2-01337D2CAABF}.Linux|Mixed Platforms.ActiveCfg = Release|x86
		{315555C8-9848-40A9-8BB2-01337D2CAABF}.Linux|Mixed Platforms.Build.0 = Release|x86
		{315555C8-9848-40A9-8BB2-01337D2CAABF}.Linux|x64.ActiveCfg = Release|x64
		{315555C8-9848-40A9-8BB2-01337D2CAABF}.Linux|x64.Build.0 = Release|x64
		{315555C8-9848-40A9-8BB2-01337D2CAABF}.Linux|x86.ActiveCfg = Release|x86
		{315555C8-9848-40A9-8BB2-01337D2CAABF}.Linux|x86.Build.0 = Release|x86
		{315555C8-9848-40A9-8BB2-01337D2CAABF}.OSX|Any CPU.ActiveCfg = Release|Any CPU
		{315555C8-9848-40A9-8BB2-01337D2CAABF}.OSX|Any CPU.Build.0 = Release|Any CPU
		{315555C8-9848-40A9-8BB2-01337D2CAABF}.OSX|ARM.ActiveCfg = Release|ARM
		{315555C8-9848-40A9-8BB2-01337D2CAABF}.OSX|ARM.Build.0 = Release|ARM
		{315555C8-9848-40A9-8BB2-01337D2CAABF}.OSX|Mixed Platforms.ActiveCfg = Release|x86
		{315555C8-9848-40A9-8BB2-01337D2CAABF}.OSX|Mixed Platforms.Build.0 = Release|x86
		{315555C8-9848-40A9-8BB2-01337D2CAABF}.OSX|x64.ActiveCfg = Release|x64
		{315555C8-9848-40A9-8BB2-01337D2CAABF}.OSX|x64.Build.0 = Release|x64
		{315555C8-9848-40A9-8BB2-01337D2CAABF}.OSX|x86.ActiveCfg = Release|x86
		{315555C8-9848-40A9-8BB2-01337D2CAABF}.OSX|x86.Build.0 = Release|x86
		{315555C8-9848-40A9-8BB2-01337D2CAABF}.PSM|Any CPU.ActiveCfg = Release|Any CPU
		{315555C8-9848-40A9-8BB2-01337D2CAABF}.PSM|Any CPU.Build.0 = Release|Any CPU
		{315555C8-9848-40A9-8BB2-01337D2CAABF}.PSM|ARM.ActiveCfg = Release|ARM
		{315555C8-9848-40A9-8BB2-01337D2CAABF}.PSM|ARM.Build.0 = Release|ARM
		{315555C8-9848-40A9-8BB2-01337D2CAABF}.PSM|Mixed Platforms.ActiveCfg = Release|x86
		{315555C8-9848-40A9-8BB2-01337D2CAABF}.PSM|Mixed Platforms.Build.0 = Release|x86
		{315555C8-9848-40A9-8BB2-01337D2CAABF}.PSM|x64.ActiveCfg = Release|x64
		{315555C8-9848-40A9-8BB2-01337D2CAABF}.PSM|x64.Build.0 = Release|x64
		{315555C8-9848-40A9-8BB2-01337D2CAABF}.PSM|x86.ActiveCfg = Release|x86
		{315555C8-9848-40A9-8BB2-01337D2CAABF}.PSM|x86.Build.0 = Release|x86
		{315555C8-9848-40A9-8BB2-01337D2CAABF}.Release|Any CPU.ActiveCfg = Release|Any CPU
		{315555C8-9848-40A9-8BB2-01337D2CAABF}.Release|Any CPU.Build.0 = Release|Any CPU
		{315555C8-9848-40A9-8BB2-01337D2CAABF}.Release|Any CPU.Deploy.0 = Release|Any CPU
		{315555C8-9848-40A9-8BB2-01337D2CAABF}.Release|ARM.ActiveCfg = Release|ARM
		{315555C8-9848-40A9-8BB2-01337D2CAABF}.Release|ARM.Build.0 = Release|ARM
		{315555C8-9848-40A9-8BB2-01337D2CAABF}.Release|ARM.Deploy.0 = Release|ARM
		{315555C8-9848-40A9-8BB2-01337D2CAABF}.Release|Mixed Platforms.ActiveCfg = Release|x86
		{315555C8-9848-40A9-8BB2-01337D2CAABF}.Release|Mixed Platforms.Build.0 = Release|x86
		{315555C8-9848-40A9-8BB2-01337D2CAABF}.Release|Mixed Platforms.Deploy.0 = Release|x86
		{315555C8-9848-40A9-8BB2-01337D2CAABF}.Release|x64.ActiveCfg = Release|x64
		{315555C8-9848-40A9-8BB2-01337D2CAABF}.Release|x64.Build.0 = Release|x64
		{315555C8-9848-40A9-8BB2-01337D2CAABF}.Release|x64.Deploy.0 = Release|x64
		{315555C8-9848-40A9-8BB2-01337D2CAABF}.Release|x86.ActiveCfg = Release|x86
		{315555C8-9848-40A9-8BB2-01337D2CAABF}.Release|x86.Build.0 = Release|x86
		{315555C8-9848-40A9-8BB2-01337D2CAABF}.Release|x86.Deploy.0 = Release|x86
		{315555C8-9848-40A9-8BB2-01337D2CAABF}.Windows|Any CPU.ActiveCfg = Release|Any CPU
		{315555C8-9848-40A9-8BB2-01337D2CAABF}.Windows|Any CPU.Build.0 = Release|Any CPU
		{315555C8-9848-40A9-8BB2-01337D2CAABF}.Windows|ARM.ActiveCfg = Release|ARM
		{315555C8-9848-40A9-8BB2-01337D2CAABF}.Windows|ARM.Build.0 = Release|ARM
		{315555C8-9848-40A9-8BB2-01337D2CAABF}.Windows|Mixed Platforms.ActiveCfg = Release|x86
		{315555C8-9848-40A9-8BB2-01337D2CAABF}.Windows|Mixed Platforms.Build.0 = Release|x86
		{315555C8-9848-40A9-8BB2-01337D2CAABF}.Windows|x64.ActiveCfg = Release|x64
		{315555C8-9848-40A9-8BB2-01337D2CAABF}.Windows|x64.Build.0 = Release|x64
		{315555C8-9848-40A9-8BB2-01337D2CAABF}.Windows|x86.ActiveCfg = Release|x86
		{315555C8-9848-40A9-8BB2-01337D2CAABF}.Windows|x86.Build.0 = Release|x86
		{315555C8-9848-40A9-8BB2-01337D2CAABF}.Windows8|Any CPU.ActiveCfg = Release|Any CPU
		{315555C8-9848-40A9-8BB2-01337D2CAABF}.Windows8|Any CPU.Build.0 = Release|Any CPU
		{315555C8-9848-40A9-8BB2-01337D2CAABF}.Windows8|ARM.ActiveCfg = Release|ARM
		{315555C8-9848-40A9-8BB2-01337D2CAABF}.Windows8|ARM.Build.0 = Release|ARM
		{315555C8-9848-40A9-8BB2-01337D2CAABF}.Windows8|Mixed Platforms.ActiveCfg = Release|x86
		{315555C8-9848-40A9-8BB2-01337D2CAABF}.Windows8|Mixed Platforms.Build.0 = Release|x86
		{315555C8-9848-40A9-8BB2-01337D2CAABF}.Windows8|x64.ActiveCfg = Release|x64
		{315555C8-9848-40A9-8BB2-01337D2CAABF}.Windows8|x64.Build.0 = Release|x64
		{315555C8-9848-40A9-8BB2-01337D2CAABF}.Windows8|x86.ActiveCfg = Release|x86
		{315555C8-9848-40A9-8BB2-01337D2CAABF}.Windows8|x86.Build.0 = Release|x86
		{D5E60CBA-CC8C-4EDE-9212-9C660A4B558B}.Android|Any CPU.ActiveCfg = Release|x86
		{D5E60CBA-CC8C-4EDE-9212-9C660A4B558B}.Android|ARM.ActiveCfg = Release|ARM
		{D5E60CBA-CC8C-4EDE-9212-9C660A4B558B}.Android|ARM.Build.0 = Release|ARM
		{D5E60CBA-CC8C-4EDE-9212-9C660A4B558B}.Android|ARM.Deploy.0 = Release|ARM
		{D5E60CBA-CC8C-4EDE-9212-9C660A4B558B}.Android|Mixed Platforms.ActiveCfg = Release|x86
		{D5E60CBA-CC8C-4EDE-9212-9C660A4B558B}.Android|Mixed Platforms.Build.0 = Release|x86
		{D5E60CBA-CC8C-4EDE-9212-9C660A4B558B}.Android|Mixed Platforms.Deploy.0 = Release|x86
		{D5E60CBA-CC8C-4EDE-9212-9C660A4B558B}.Android|x64.ActiveCfg = Release|x86
		{D5E60CBA-CC8C-4EDE-9212-9C660A4B558B}.Android|x86.ActiveCfg = Release|x86
		{D5E60CBA-CC8C-4EDE-9212-9C660A4B558B}.Android|x86.Build.0 = Release|x86
		{D5E60CBA-CC8C-4EDE-9212-9C660A4B558B}.Android|x86.Deploy.0 = Release|x86
		{D5E60CBA-CC8C-4EDE-9212-9C660A4B558B}.Debug|Any CPU.ActiveCfg = Debug|x86
		{D5E60CBA-CC8C-4EDE-9212-9C660A4B558B}.Debug|ARM.ActiveCfg = Debug|ARM
		{D5E60CBA-CC8C-4EDE-9212-9C660A4B558B}.Debug|ARM.Build.0 = Debug|ARM
		{D5E60CBA-CC8C-4EDE-9212-9C660A4B558B}.Debug|ARM.Deploy.0 = Debug|ARM
		{D5E60CBA-CC8C-4EDE-9212-9C660A4B558B}.Debug|Mixed Platforms.ActiveCfg = Debug|x86
		{D5E60CBA-CC8C-4EDE-9212-9C660A4B558B}.Debug|Mixed Platforms.Build.0 = Debug|x86
		{D5E60CBA-CC8C-4EDE-9212-9C660A4B558B}.Debug|x64.ActiveCfg = Debug|x86
		{D5E60CBA-CC8C-4EDE-9212-9C660A4B558B}.Debug|x86.ActiveCfg = Debug|x86
		{D5E60CBA-CC8C-4EDE-9212-9C660A4B558B}.Debug|x86.Build.0 = Debug|x86
		{D5E60CBA-CC8C-4EDE-9212-9C660A4B558B}.Debug|x86.Deploy.0 = Debug|x86
		{D5E60CBA-CC8C-4EDE-9212-9C660A4B558B}.iOS|Any CPU.ActiveCfg = Release|x86
		{D5E60CBA-CC8C-4EDE-9212-9C660A4B558B}.iOS|ARM.ActiveCfg = Release|ARM
		{D5E60CBA-CC8C-4EDE-9212-9C660A4B558B}.iOS|ARM.Build.0 = Release|ARM
		{D5E60CBA-CC8C-4EDE-9212-9C660A4B558B}.iOS|ARM.Deploy.0 = Release|ARM
		{D5E60CBA-CC8C-4EDE-9212-9C660A4B558B}.iOS|Mixed Platforms.ActiveCfg = Release|x86
		{D5E60CBA-CC8C-4EDE-9212-9C660A4B558B}.iOS|Mixed Platforms.Build.0 = Release|x86
		{D5E60CBA-CC8C-4EDE-9212-9C660A4B558B}.iOS|Mixed Platforms.Deploy.0 = Release|x86
		{D5E60CBA-CC8C-4EDE-9212-9C660A4B558B}.iOS|x64.ActiveCfg = Release|x86
		{D5E60CBA-CC8C-4EDE-9212-9C660A4B558B}.iOS|x86.ActiveCfg = Release|x86
		{D5E60CBA-CC8C-4EDE-9212-9C660A4B558B}.iOS|x86.Build.0 = Release|x86
		{D5E60CBA-CC8C-4EDE-9212-9C660A4B558B}.iOS|x86.Deploy.0 = Release|x86
		{D5E60CBA-CC8C-4EDE-9212-9C660A4B558B}.Linux|Any CPU.ActiveCfg = Release|x86
		{D5E60CBA-CC8C-4EDE-9212-9C660A4B558B}.Linux|ARM.ActiveCfg = Release|ARM
		{D5E60CBA-CC8C-4EDE-9212-9C660A4B558B}.Linux|ARM.Build.0 = Release|ARM
		{D5E60CBA-CC8C-4EDE-9212-9C660A4B558B}.Linux|ARM.Deploy.0 = Release|ARM
		{D5E60CBA-CC8C-4EDE-9212-9C660A4B558B}.Linux|Mixed Platforms.ActiveCfg = Release|x86
		{D5E60CBA-CC8C-4EDE-9212-9C660A4B558B}.Linux|Mixed Platforms.Build.0 = Release|x86
		{D5E60CBA-CC8C-4EDE-9212-9C660A4B558B}.Linux|Mixed Platforms.Deploy.0 = Release|x86
		{D5E60CBA-CC8C-4EDE-9212-9C660A4B558B}.Linux|x64.ActiveCfg = Release|x86
		{D5E60CBA-CC8C-4EDE-9212-9C660A4B558B}.Linux|x86.ActiveCfg = Release|x86
		{D5E60CBA-CC8C-4EDE-9212-9C660A4B558B}.Linux|x86.Build.0 = Release|x86
		{D5E60CBA-CC8C-4EDE-9212-9C660A4B558B}.Linux|x86.Deploy.0 = Release|x86
		{D5E60CBA-CC8C-4EDE-9212-9C660A4B558B}.OSX|Any CPU.ActiveCfg = Release|x86
		{D5E60CBA-CC8C-4EDE-9212-9C660A4B558B}.OSX|ARM.ActiveCfg = Release|ARM
		{D5E60CBA-CC8C-4EDE-9212-9C660A4B558B}.OSX|ARM.Build.0 = Release|ARM
		{D5E60CBA-CC8C-4EDE-9212-9C660A4B558B}.OSX|ARM.Deploy.0 = Release|ARM
		{D5E60CBA-CC8C-4EDE-9212-9C660A4B558B}.OSX|Mixed Platforms.ActiveCfg = Release|x86
		{D5E60CBA-CC8C-4EDE-9212-9C660A4B558B}.OSX|Mixed Platforms.Build.0 = Release|x86
		{D5E60CBA-CC8C-4EDE-9212-9C660A4B558B}.OSX|Mixed Platforms.Deploy.0 = Release|x86
		{D5E60CBA-CC8C-4EDE-9212-9C660A4B558B}.OSX|x64.ActiveCfg = Release|x86
		{D5E60CBA-CC8C-4EDE-9212-9C660A4B558B}.OSX|x86.ActiveCfg = Release|x86
		{D5E60CBA-CC8C-4EDE-9212-9C660A4B558B}.OSX|x86.Build.0 = Release|x86
		{D5E60CBA-CC8C-4EDE-9212-9C660A4B558B}.OSX|x86.Deploy.0 = Release|x86
		{D5E60CBA-CC8C-4EDE-9212-9C660A4B558B}.PSM|Any CPU.ActiveCfg = Release|x86
		{D5E60CBA-CC8C-4EDE-9212-9C660A4B558B}.PSM|ARM.ActiveCfg = Release|ARM
		{D5E60CBA-CC8C-4EDE-9212-9C660A4B558B}.PSM|ARM.Build.0 = Release|ARM
		{D5E60CBA-CC8C-4EDE-9212-9C660A4B558B}.PSM|ARM.Deploy.0 = Release|ARM
		{D5E60CBA-CC8C-4EDE-9212-9C660A4B558B}.PSM|Mixed Platforms.ActiveCfg = Release|x86
		{D5E60CBA-CC8C-4EDE-9212-9C660A4B558B}.PSM|Mixed Platforms.Build.0 = Release|x86
		{D5E60CBA-CC8C-4EDE-9212-9C660A4B558B}.PSM|Mixed Platforms.Deploy.0 = Release|x86
		{D5E60CBA-CC8C-4EDE-9212-9C660A4B558B}.PSM|x64.ActiveCfg = Release|x86
		{D5E60CBA-CC8C-4EDE-9212-9C660A4B558B}.PSM|x86.ActiveCfg = Release|x86
		{D5E60CBA-CC8C-4EDE-9212-9C660A4B558B}.PSM|x86.Build.0 = Release|x86
		{D5E60CBA-CC8C-4EDE-9212-9C660A4B558B}.PSM|x86.Deploy.0 = Release|x86
		{D5E60CBA-CC8C-4EDE-9212-9C660A4B558B}.Release|Any CPU.ActiveCfg = Release|x86
		{D5E60CBA-CC8C-4EDE-9212-9C660A4B558B}.Release|ARM.ActiveCfg = Release|ARM
		{D5E60CBA-CC8C-4EDE-9212-9C660A4B558B}.Release|ARM.Build.0 = Release|ARM
		{D5E60CBA-CC8C-4EDE-9212-9C660A4B558B}.Release|ARM.Deploy.0 = Release|ARM
		{D5E60CBA-CC8C-4EDE-9212-9C660A4B558B}.Release|Mixed Platforms.ActiveCfg = Release|x86
		{D5E60CBA-CC8C-4EDE-9212-9C660A4B558B}.Release|Mixed Platforms.Build.0 = Release|x86
		{D5E60CBA-CC8C-4EDE-9212-9C660A4B558B}.Release|Mixed Platforms.Deploy.0 = Release|x86
		{D5E60CBA-CC8C-4EDE-9212-9C660A4B558B}.Release|x64.ActiveCfg = Release|x86
		{D5E60CBA-CC8C-4EDE-9212-9C660A4B558B}.Release|x86.ActiveCfg = Release|x86
		{D5E60CBA-CC8C-4EDE-9212-9C660A4B558B}.Release|x86.Build.0 = Release|x86
		{D5E60CBA-CC8C-4EDE-9212-9C660A4B558B}.Release|x86.Deploy.0 = Release|x86
		{D5E60CBA-CC8C-4EDE-9212-9C660A4B558B}.Windows|Any CPU.ActiveCfg = Release|x86
		{D5E60CBA-CC8C-4EDE-9212-9C660A4B558B}.Windows|ARM.ActiveCfg = Release|ARM
		{D5E60CBA-CC8C-4EDE-9212-9C660A4B558B}.Windows|ARM.Build.0 = Release|ARM
		{D5E60CBA-CC8C-4EDE-9212-9C660A4B558B}.Windows|ARM.Deploy.0 = Release|ARM
		{D5E60CBA-CC8C-4EDE-9212-9C660A4B558B}.Windows|Mixed Platforms.ActiveCfg = Release|x86
		{D5E60CBA-CC8C-4EDE-9212-9C660A4B558B}.Windows|Mixed Platforms.Build.0 = Release|x86
		{D5E60CBA-CC8C-4EDE-9212-9C660A4B558B}.Windows|x64.ActiveCfg = Release|x86
		{D5E60CBA-CC8C-4EDE-9212-9C660A4B558B}.Windows|x86.ActiveCfg = Release|x86
		{D5E60CBA-CC8C-4EDE-9212-9C660A4B558B}.Windows|x86.Build.0 = Release|x86
		{D5E60CBA-CC8C-4EDE-9212-9C660A4B558B}.Windows|x86.Deploy.0 = Release|x86
		{D5E60CBA-CC8C-4EDE-9212-9C660A4B558B}.Windows8|Any CPU.ActiveCfg = Release|x86
		{D5E60CBA-CC8C-4EDE-9212-9C660A4B558B}.Windows8|ARM.ActiveCfg = Release|ARM
		{D5E60CBA-CC8C-4EDE-9212-9C660A4B558B}.Windows8|ARM.Build.0 = Release|ARM
		{D5E60CBA-CC8C-4EDE-9212-9C660A4B558B}.Windows8|ARM.Deploy.0 = Release|ARM
		{D5E60CBA-CC8C-4EDE-9212-9C660A4B558B}.Windows8|Mixed Platforms.ActiveCfg = Release|x86
		{D5E60CBA-CC8C-4EDE-9212-9C660A4B558B}.Windows8|Mixed Platforms.Build.0 = Release|x86
		{D5E60CBA-CC8C-4EDE-9212-9C660A4B558B}.Windows8|x64.ActiveCfg = Release|x86
		{D5E60CBA-CC8C-4EDE-9212-9C660A4B558B}.Windows8|x86.ActiveCfg = Release|x86
		{D5E60CBA-CC8C-4EDE-9212-9C660A4B558B}.Windows8|x86.Build.0 = Release|x86
		{D5E60CBA-CC8C-4EDE-9212-9C660A4B558B}.Windows8|x86.Deploy.0 = Release|x86
		{370C3028-2B87-4F29-A722-C4B4873BF813}.Android|Any CPU.ActiveCfg = Release|x86
		{370C3028-2B87-4F29-A722-C4B4873BF813}.Android|ARM.ActiveCfg = Release|x86
		{370C3028-2B87-4F29-A722-C4B4873BF813}.Android|Mixed Platforms.ActiveCfg = Release|x86
		{370C3028-2B87-4F29-A722-C4B4873BF813}.Android|Mixed Platforms.Build.0 = Release|x86
		{370C3028-2B87-4F29-A722-C4B4873BF813}.Android|x64.ActiveCfg = Release|x86
		{370C3028-2B87-4F29-A722-C4B4873BF813}.Android|x86.ActiveCfg = Release|x86
		{370C3028-2B87-4F29-A722-C4B4873BF813}.Android|x86.Build.0 = Release|x86
		{370C3028-2B87-4F29-A722-C4B4873BF813}.Debug|Any CPU.ActiveCfg = Debug|x86
		{370C3028-2B87-4F29-A722-C4B4873BF813}.Debug|ARM.ActiveCfg = Debug|x86
		{370C3028-2B87-4F29-A722-C4B4873BF813}.Debug|Mixed Platforms.ActiveCfg = Debug|x86
		{370C3028-2B87-4F29-A722-C4B4873BF813}.Debug|Mixed Platforms.Build.0 = Debug|x86
		{370C3028-2B87-4F29-A722-C4B4873BF813}.Debug|x64.ActiveCfg = Debug|x86
		{370C3028-2B87-4F29-A722-C4B4873BF813}.Debug|x86.ActiveCfg = Debug|x86
		{370C3028-2B87-4F29-A722-C4B4873BF813}.Debug|x86.Build.0 = Debug|x86
		{370C3028-2B87-4F29-A722-C4B4873BF813}.iOS|Any CPU.ActiveCfg = Release|x86
		{370C3028-2B87-4F29-A722-C4B4873BF813}.iOS|ARM.ActiveCfg = Release|x86
		{370C3028-2B87-4F29-A722-C4B4873BF813}.iOS|Mixed Platforms.ActiveCfg = Release|x86
		{370C3028-2B87-4F29-A722-C4B4873BF813}.iOS|Mixed Platforms.Build.0 = Release|x86
		{370C3028-2B87-4F29-A722-C4B4873BF813}.iOS|x64.ActiveCfg = Release|x86
		{370C3028-2B87-4F29-A722-C4B4873BF813}.iOS|x86.ActiveCfg = Release|x86
		{370C3028-2B87-4F29-A722-C4B4873BF813}.iOS|x86.Build.0 = Release|x86
		{370C3028-2B87-4F29-A722-C4B4873BF813}.Linux|Any CPU.ActiveCfg = Release|x86
		{370C3028-2B87-4F29-A722-C4B4873BF813}.Linux|ARM.ActiveCfg = Release|x86
		{370C3028-2B87-4F29-A722-C4B4873BF813}.Linux|Mixed Platforms.ActiveCfg = Release|x86
		{370C3028-2B87-4F29-A722-C4B4873BF813}.Linux|Mixed Platforms.Build.0 = Release|x86
		{370C3028-2B87-4F29-A722-C4B4873BF813}.Linux|x64.ActiveCfg = Release|x86
		{370C3028-2B87-4F29-A722-C4B4873BF813}.Linux|x86.ActiveCfg = Release|x86
		{370C3028-2B87-4F29-A722-C4B4873BF813}.Linux|x86.Build.0 = Release|x86
		{370C3028-2B87-4F29-A722-C4B4873BF813}.OSX|Any CPU.ActiveCfg = Release|x86
		{370C3028-2B87-4F29-A722-C4B4873BF813}.OSX|ARM.ActiveCfg = Release|x86
		{370C3028-2B87-4F29-A722-C4B4873BF813}.OSX|Mixed Platforms.ActiveCfg = Release|x86
		{370C3028-2B87-4F29-A722-C4B4873BF813}.OSX|Mixed Platforms.Build.0 = Release|x86
		{370C3028-2B87-4F29-A722-C4B4873BF813}.OSX|x64.ActiveCfg = Release|x86
		{370C3028-2B87-4F29-A722-C4B4873BF813}.OSX|x86.ActiveCfg = Release|x86
		{370C3028-2B87-4F29-A722-C4B4873BF813}.OSX|x86.Build.0 = Release|x86
		{370C3028-2B87-4F29-A722-C4B4873BF813}.PSM|Any CPU.ActiveCfg = Release|x86
		{370C3028-2B87-4F29-A722-C4B4873BF813}.PSM|ARM.ActiveCfg = Release|x86
		{370C3028-2B87-4F29-A722-C4B4873BF813}.PSM|Mixed Platforms.ActiveCfg = Release|x86
		{370C3028-2B87-4F29-A722-C4B4873BF813}.PSM|Mixed Platforms.Build.0 = Release|x86
		{370C3028-2B87-4F29-A722-C4B4873BF813}.PSM|x64.ActiveCfg = Release|x86
		{370C3028-2B87-4F29-A722-C4B4873BF813}.PSM|x86.ActiveCfg = Release|x86
		{370C3028-2B87-4F29-A722-C4B4873BF813}.PSM|x86.Build.0 = Release|x86
		{370C3028-2B87-4F29-A722-C4B4873BF813}.Release|Any CPU.ActiveCfg = Release|x86
		{370C3028-2B87-4F29-A722-C4B4873BF813}.Release|ARM.ActiveCfg = Release|x86
		{370C3028-2B87-4F29-A722-C4B4873BF813}.Release|Mixed Platforms.ActiveCfg = Release|x86
		{370C3028-2B87-4F29-A722-C4B4873BF813}.Release|Mixed Platforms.Build.0 = Release|x86
		{370C3028-2B87-4F29-A722-C4B4873BF813}.Release|x64.ActiveCfg = Release|x86
		{370C3028-2B87-4F29-A722-C4B4873BF813}.Release|x86.ActiveCfg = Release|x86
		{370C3028-2B87-4F29-A722-C4B4873BF813}.Release|x86.Build.0 = Release|x86
		{370C3028-2B87-4F29-A722-C4B4873BF813}.Windows|Any CPU.ActiveCfg = Release|x86
		{370C3028-2B87-4F29-A722-C4B4873BF813}.Windows|ARM.ActiveCfg = Release|x86
		{370C3028-2B87-4F29-A722-C4B4873BF813}.Windows|Mixed Platforms.ActiveCfg = Release|x86
		{370C3028-2B87-4F29-A722-C4B4873BF813}.Windows|Mixed Platforms.Build.0 = Release|x86
		{370C3028-2B87-4F29-A722-C4B4873BF813}.Windows|x64.ActiveCfg = Release|x86
		{370C3028-2B87-4F29-A722-C4B4873BF813}.Windows|x86.ActiveCfg = Release|x86
		{370C3028-2B87-4F29-A722-C4B4873BF813}.Windows|x86.Build.0 = Release|x86
		{370C3028-2B87-4F29-A722-C4B4873BF813}.Windows8|Any CPU.ActiveCfg = Release|x86
		{370C3028-2B87-4F29-A722-C4B4873BF813}.Windows8|ARM.ActiveCfg = Release|x86
		{370C3028-2B87-4F29-A722-C4B4873BF813}.Windows8|Mixed Platforms.ActiveCfg = Release|x86
		{370C3028-2B87-4F29-A722-C4B4873BF813}.Windows8|Mixed Platforms.Build.0 = Release|x86
		{370C3028-2B87-4F29-A722-C4B4873BF813}.Windows8|x64.ActiveCfg = Release|x86
		{370C3028-2B87-4F29-A722-C4B4873BF813}.Windows8|x86.ActiveCfg = Release|x86
		{370C3028-2B87-4F29-A722-C4B4873BF813}.Windows8|x86.Build.0 = Release|x86
		{014EAFCB-5757-4768-8F33-0AA8F67F1E44}.Android|Any CPU.ActiveCfg = Release|x86
		{014EAFCB-5757-4768-8F33-0AA8F67F1E44}.Android|ARM.ActiveCfg = Release|ARM
		{014EAFCB-5757-4768-8F33-0AA8F67F1E44}.Android|ARM.Build.0 = Release|ARM
		{014EAFCB-5757-4768-8F33-0AA8F67F1E44}.Android|ARM.Deploy.0 = Release|ARM
		{014EAFCB-5757-4768-8F33-0AA8F67F1E44}.Android|Mixed Platforms.ActiveCfg = Release|x86
		{014EAFCB-5757-4768-8F33-0AA8F67F1E44}.Android|Mixed Platforms.Build.0 = Release|x86
		{014EAFCB-5757-4768-8F33-0AA8F67F1E44}.Android|Mixed Platforms.Deploy.0 = Release|x86
		{014EAFCB-5757-4768-8F33-0AA8F67F1E44}.Android|x64.ActiveCfg = Release|x86
		{014EAFCB-5757-4768-8F33-0AA8F67F1E44}.Android|x86.ActiveCfg = Release|x86
		{014EAFCB-5757-4768-8F33-0AA8F67F1E44}.Android|x86.Build.0 = Release|x86
		{014EAFCB-5757-4768-8F33-0AA8F67F1E44}.Android|x86.Deploy.0 = Release|x86
		{014EAFCB-5757-4768-8F33-0AA8F67F1E44}.Debug|Any CPU.ActiveCfg = Debug|x86
		{014EAFCB-5757-4768-8F33-0AA8F67F1E44}.Debug|ARM.ActiveCfg = Debug|ARM
		{014EAFCB-5757-4768-8F33-0AA8F67F1E44}.Debug|ARM.Build.0 = Debug|ARM
		{014EAFCB-5757-4768-8F33-0AA8F67F1E44}.Debug|ARM.Deploy.0 = Debug|ARM
		{014EAFCB-5757-4768-8F33-0AA8F67F1E44}.Debug|Mixed Platforms.ActiveCfg = Debug|x86
		{014EAFCB-5757-4768-8F33-0AA8F67F1E44}.Debug|Mixed Platforms.Build.0 = Debug|x86
		{014EAFCB-5757-4768-8F33-0AA8F67F1E44}.Debug|x64.ActiveCfg = Debug|x86
		{014EAFCB-5757-4768-8F33-0AA8F67F1E44}.Debug|x86.ActiveCfg = Debug|x86
		{014EAFCB-5757-4768-8F33-0AA8F67F1E44}.Debug|x86.Build.0 = Debug|x86
		{014EAFCB-5757-4768-8F33-0AA8F67F1E44}.Debug|x86.Deploy.0 = Debug|x86
		{014EAFCB-5757-4768-8F33-0AA8F67F1E44}.iOS|Any CPU.ActiveCfg = Release|x86
		{014EAFCB-5757-4768-8F33-0AA8F67F1E44}.iOS|ARM.ActiveCfg = Release|ARM
		{014EAFCB-5757-4768-8F33-0AA8F67F1E44}.iOS|ARM.Build.0 = Release|ARM
		{014EAFCB-5757-4768-8F33-0AA8F67F1E44}.iOS|ARM.Deploy.0 = Release|ARM
		{014EAFCB-5757-4768-8F33-0AA8F67F1E44}.iOS|Mixed Platforms.ActiveCfg = Release|x86
		{014EAFCB-5757-4768-8F33-0AA8F67F1E44}.iOS|Mixed Platforms.Build.0 = Release|x86
		{014EAFCB-5757-4768-8F33-0AA8F67F1E44}.iOS|Mixed Platforms.Deploy.0 = Release|x86
		{014EAFCB-5757-4768-8F33-0AA8F67F1E44}.iOS|x64.ActiveCfg = Release|x86
		{014EAFCB-5757-4768-8F33-0AA8F67F1E44}.iOS|x86.ActiveCfg = Release|x86
		{014EAFCB-5757-4768-8F33-0AA8F67F1E44}.iOS|x86.Build.0 = Release|x86
		{014EAFCB-5757-4768-8F33-0AA8F67F1E44}.iOS|x86.Deploy.0 = Release|x86
		{014EAFCB-5757-4768-8F33-0AA8F67F1E44}.Linux|Any CPU.ActiveCfg = Release|x86
		{014EAFCB-5757-4768-8F33-0AA8F67F1E44}.Linux|ARM.ActiveCfg = Release|ARM
		{014EAFCB-5757-4768-8F33-0AA8F67F1E44}.Linux|ARM.Build.0 = Release|ARM
		{014EAFCB-5757-4768-8F33-0AA8F67F1E44}.Linux|ARM.Deploy.0 = Release|ARM
		{014EAFCB-5757-4768-8F33-0AA8F67F1E44}.Linux|Mixed Platforms.ActiveCfg = Release|x86
		{014EAFCB-5757-4768-8F33-0AA8F67F1E44}.Linux|Mixed Platforms.Build.0 = Release|x86
		{014EAFCB-5757-4768-8F33-0AA8F67F1E44}.Linux|Mixed Platforms.Deploy.0 = Release|x86
		{014EAFCB-5757-4768-8F33-0AA8F67F1E44}.Linux|x64.ActiveCfg = Release|x86
		{014EAFCB-5757-4768-8F33-0AA8F67F1E44}.Linux|x86.ActiveCfg = Release|x86
		{014EAFCB-5757-4768-8F33-0AA8F67F1E44}.Linux|x86.Build.0 = Release|x86
		{014EAFCB-5757-4768-8F33-0AA8F67F1E44}.Linux|x86.Deploy.0 = Release|x86
		{014EAFCB-5757-4768-8F33-0AA8F67F1E44}.OSX|Any CPU.ActiveCfg = Release|x86
		{014EAFCB-5757-4768-8F33-0AA8F67F1E44}.OSX|ARM.ActiveCfg = Release|ARM
		{014EAFCB-5757-4768-8F33-0AA8F67F1E44}.OSX|ARM.Build.0 = Release|ARM
		{014EAFCB-5757-4768-8F33-0AA8F67F1E44}.OSX|ARM.Deploy.0 = Release|ARM
		{014EAFCB-5757-4768-8F33-0AA8F67F1E44}.OSX|Mixed Platforms.ActiveCfg = Release|x86
		{014EAFCB-5757-4768-8F33-0AA8F67F1E44}.OSX|Mixed Platforms.Build.0 = Release|x86
		{014EAFCB-5757-4768-8F33-0AA8F67F1E44}.OSX|Mixed Platforms.Deploy.0 = Release|x86
		{014EAFCB-5757-4768-8F33-0AA8F67F1E44}.OSX|x64.ActiveCfg = Release|x86
		{014EAFCB-5757-4768-8F33-0AA8F67F1E44}.OSX|x86.ActiveCfg = Release|x86
		{014EAFCB-5757-4768-8F33-0AA8F67F1E44}.OSX|x86.Build.0 = Release|x86
		{014EAFCB-5757-4768-8F33-0AA8F67F1E44}.OSX|x86.Deploy.0 = Release|x86
		{014EAFCB-5757-4768-8F33-0AA8F67F1E44}.PSM|Any CPU.ActiveCfg = Release|x86
		{014EAFCB-5757-4768-8F33-0AA8F67F1E44}.PSM|ARM.ActiveCfg = Release|ARM
		{014EAFCB-5757-4768-8F33-0AA8F67F1E44}.PSM|ARM.Build.0 = Release|ARM
		{014EAFCB-5757-4768-8F33-0AA8F67F1E44}.PSM|ARM.Deploy.0 = Release|ARM
		{014EAFCB-5757-4768-8F33-0AA8F67F1E44}.PSM|Mixed Platforms.ActiveCfg = Release|x86
		{014EAFCB-5757-4768-8F33-0AA8F67F1E44}.PSM|Mixed Platforms.Build.0 = Release|x86
		{014EAFCB-5757-4768-8F33-0AA8F67F1E44}.PSM|Mixed Platforms.Deploy.0 = Release|x86
		{014EAFCB-5757-4768-8F33-0AA8F67F1E44}.PSM|x64.ActiveCfg = Release|x86
		{014EAFCB-5757-4768-8F33-0AA8F67F1E44}.PSM|x86.ActiveCfg = Release|x86
		{014EAFCB-5757-4768-8F33-0AA8F67F1E44}.PSM|x86.Build.0 = Release|x86
		{014EAFCB-5757-4768-8F33-0AA8F67F1E44}.PSM|x86.Deploy.0 = Release|x86
		{014EAFCB-5757-4768-8F33-0AA8F67F1E44}.Release|Any CPU.ActiveCfg = Release|x86
		{014EAFCB-5757-4768-8F33-0AA8F67F1E44}.Release|ARM.ActiveCfg = Release|ARM
		{014EAFCB-5757-4768-8F33-0AA8F67F1E44}.Release|ARM.Build.0 = Release|ARM
		{014EAFCB-5757-4768-8F33-0AA8F67F1E44}.Release|ARM.Deploy.0 = Release|ARM
		{014EAFCB-5757-4768-8F33-0AA8F67F1E44}.Release|Mixed Platforms.ActiveCfg = Release|x86
		{014EAFCB-5757-4768-8F33-0AA8F67F1E44}.Release|Mixed Platforms.Build.0 = Release|x86
		{014EAFCB-5757-4768-8F33-0AA8F67F1E44}.Release|Mixed Platforms.Deploy.0 = Release|x86
		{014EAFCB-5757-4768-8F33-0AA8F67F1E44}.Release|x64.ActiveCfg = Release|x86
		{014EAFCB-5757-4768-8F33-0AA8F67F1E44}.Release|x86.ActiveCfg = Release|x86
		{014EAFCB-5757-4768-8F33-0AA8F67F1E44}.Release|x86.Build.0 = Release|x86
		{014EAFCB-5757-4768-8F33-0AA8F67F1E44}.Release|x86.Deploy.0 = Release|x86
		{014EAFCB-5757-4768-8F33-0AA8F67F1E44}.Windows|Any CPU.ActiveCfg = Release|x86
		{014EAFCB-5757-4768-8F33-0AA8F67F1E44}.Windows|ARM.ActiveCfg = Release|ARM
		{014EAFCB-5757-4768-8F33-0AA8F67F1E44}.Windows|ARM.Build.0 = Release|ARM
		{014EAFCB-5757-4768-8F33-0AA8F67F1E44}.Windows|ARM.Deploy.0 = Release|ARM
		{014EAFCB-5757-4768-8F33-0AA8F67F1E44}.Windows|Mixed Platforms.ActiveCfg = Release|x86
		{014EAFCB-5757-4768-8F33-0AA8F67F1E44}.Windows|Mixed Platforms.Build.0 = Release|x86
		{014EAFCB-5757-4768-8F33-0AA8F67F1E44}.Windows|x64.ActiveCfg = Release|x86
		{014EAFCB-5757-4768-8F33-0AA8F67F1E44}.Windows|x86.ActiveCfg = Release|x86
		{014EAFCB-5757-4768-8F33-0AA8F67F1E44}.Windows|x86.Build.0 = Release|x86
		{014EAFCB-5757-4768-8F33-0AA8F67F1E44}.Windows|x86.Deploy.0 = Release|x86
		{014EAFCB-5757-4768-8F33-0AA8F67F1E44}.Windows8|Any CPU.ActiveCfg = Release|x86
		{014EAFCB-5757-4768-8F33-0AA8F67F1E44}.Windows8|ARM.ActiveCfg = Release|ARM
		{014EAFCB-5757-4768-8F33-0AA8F67F1E44}.Windows8|ARM.Build.0 = Release|ARM
		{014EAFCB-5757-4768-8F33-0AA8F67F1E44}.Windows8|ARM.Deploy.0 = Release|ARM
		{014EAFCB-5757-4768-8F33-0AA8F67F1E44}.Windows8|Mixed Platforms.ActiveCfg = Release|x86
		{014EAFCB-5757-4768-8F33-0AA8F67F1E44}.Windows8|Mixed Platforms.Build.0 = Release|x86
		{014EAFCB-5757-4768-8F33-0AA8F67F1E44}.Windows8|x64.ActiveCfg = Release|x86
		{014EAFCB-5757-4768-8F33-0AA8F67F1E44}.Windows8|x86.ActiveCfg = Release|x86
		{014EAFCB-5757-4768-8F33-0AA8F67F1E44}.Windows8|x86.Build.0 = Release|x86
		{014EAFCB-5757-4768-8F33-0AA8F67F1E44}.Windows8|x86.Deploy.0 = Release|x86
		{681CB816-F991-44AF-AF0E-52114D02DAE8}.Android|Any CPU.ActiveCfg = Release|Any CPU
		{681CB816-F991-44AF-AF0E-52114D02DAE8}.Android|Any CPU.Build.0 = Release|Any CPU
		{681CB816-F991-44AF-AF0E-52114D02DAE8}.Android|Any CPU.Deploy.0 = Release|Any CPU
		{681CB816-F991-44AF-AF0E-52114D02DAE8}.Android|ARM.ActiveCfg = Release|ARM
		{681CB816-F991-44AF-AF0E-52114D02DAE8}.Android|ARM.Build.0 = Release|ARM
		{681CB816-F991-44AF-AF0E-52114D02DAE8}.Android|ARM.Deploy.0 = Release|ARM
		{681CB816-F991-44AF-AF0E-52114D02DAE8}.Android|Mixed Platforms.ActiveCfg = Release|x86
		{681CB816-F991-44AF-AF0E-52114D02DAE8}.Android|Mixed Platforms.Build.0 = Release|x86
		{681CB816-F991-44AF-AF0E-52114D02DAE8}.Android|Mixed Platforms.Deploy.0 = Release|x86
		{681CB816-F991-44AF-AF0E-52114D02DAE8}.Android|x64.ActiveCfg = Release|x64
		{681CB816-F991-44AF-AF0E-52114D02DAE8}.Android|x64.Build.0 = Release|x64
		{681CB816-F991-44AF-AF0E-52114D02DAE8}.Android|x64.Deploy.0 = Release|x64
		{681CB816-F991-44AF-AF0E-52114D02DAE8}.Android|x86.ActiveCfg = Release|x86
		{681CB816-F991-44AF-AF0E-52114D02DAE8}.Android|x86.Build.0 = Release|x86
		{681CB816-F991-44AF-AF0E-52114D02DAE8}.Android|x86.Deploy.0 = Release|x86
		{681CB816-F991-44AF-AF0E-52114D02DAE8}.Debug|Any CPU.ActiveCfg = Debug|Any CPU
		{681CB816-F991-44AF-AF0E-52114D02DAE8}.Debug|Any CPU.Build.0 = Debug|Any CPU
		{681CB816-F991-44AF-AF0E-52114D02DAE8}.Debug|Any CPU.Deploy.0 = Debug|Any CPU
		{681CB816-F991-44AF-AF0E-52114D02DAE8}.Debug|ARM.ActiveCfg = Debug|ARM
		{681CB816-F991-44AF-AF0E-52114D02DAE8}.Debug|ARM.Build.0 = Debug|ARM
		{681CB816-F991-44AF-AF0E-52114D02DAE8}.Debug|ARM.Deploy.0 = Debug|ARM
		{681CB816-F991-44AF-AF0E-52114D02DAE8}.Debug|Mixed Platforms.ActiveCfg = Debug|x86
		{681CB816-F991-44AF-AF0E-52114D02DAE8}.Debug|Mixed Platforms.Build.0 = Debug|x86
		{681CB816-F991-44AF-AF0E-52114D02DAE8}.Debug|x64.ActiveCfg = Debug|x64
		{681CB816-F991-44AF-AF0E-52114D02DAE8}.Debug|x64.Build.0 = Debug|x64
		{681CB816-F991-44AF-AF0E-52114D02DAE8}.Debug|x64.Deploy.0 = Debug|x64
		{681CB816-F991-44AF-AF0E-52114D02DAE8}.Debug|x86.ActiveCfg = Debug|x86
		{681CB816-F991-44AF-AF0E-52114D02DAE8}.Debug|x86.Build.0 = Debug|x86
		{681CB816-F991-44AF-AF0E-52114D02DAE8}.Debug|x86.Deploy.0 = Debug|x86
		{681CB816-F991-44AF-AF0E-52114D02DAE8}.iOS|Any CPU.ActiveCfg = Release|Any CPU
		{681CB816-F991-44AF-AF0E-52114D02DAE8}.iOS|Any CPU.Build.0 = Release|Any CPU
		{681CB816-F991-44AF-AF0E-52114D02DAE8}.iOS|Any CPU.Deploy.0 = Release|Any CPU
		{681CB816-F991-44AF-AF0E-52114D02DAE8}.iOS|ARM.ActiveCfg = Release|ARM
		{681CB816-F991-44AF-AF0E-52114D02DAE8}.iOS|ARM.Build.0 = Release|ARM
		{681CB816-F991-44AF-AF0E-52114D02DAE8}.iOS|ARM.Deploy.0 = Release|ARM
		{681CB816-F991-44AF-AF0E-52114D02DAE8}.iOS|Mixed Platforms.ActiveCfg = Release|x86
		{681CB816-F991-44AF-AF0E-52114D02DAE8}.iOS|Mixed Platforms.Build.0 = Release|x86
		{681CB816-F991-44AF-AF0E-52114D02DAE8}.iOS|Mixed Platforms.Deploy.0 = Release|x86
		{681CB816-F991-44AF-AF0E-52114D02DAE8}.iOS|x64.ActiveCfg = Release|x64
		{681CB816-F991-44AF-AF0E-52114D02DAE8}.iOS|x64.Build.0 = Release|x64
		{681CB816-F991-44AF-AF0E-52114D02DAE8}.iOS|x64.Deploy.0 = Release|x64
		{681CB816-F991-44AF-AF0E-52114D02DAE8}.iOS|x86.ActiveCfg = Release|x86
		{681CB816-F991-44AF-AF0E-52114D02DAE8}.iOS|x86.Build.0 = Release|x86
		{681CB816-F991-44AF-AF0E-52114D02DAE8}.iOS|x86.Deploy.0 = Release|x86
		{681CB816-F991-44AF-AF0E-52114D02DAE8}.Linux|Any CPU.ActiveCfg = Release|Any CPU
		{681CB816-F991-44AF-AF0E-52114D02DAE8}.Linux|Any CPU.Build.0 = Release|Any CPU
		{681CB816-F991-44AF-AF0E-52114D02DAE8}.Linux|Any CPU.Deploy.0 = Release|Any CPU
		{681CB816-F991-44AF-AF0E-52114D02DAE8}.Linux|ARM.ActiveCfg = Release|ARM
		{681CB816-F991-44AF-AF0E-52114D02DAE8}.Linux|ARM.Build.0 = Release|ARM
		{681CB816-F991-44AF-AF0E-52114D02DAE8}.Linux|ARM.Deploy.0 = Release|ARM
		{681CB816-F991-44AF-AF0E-52114D02DAE8}.Linux|Mixed Platforms.ActiveCfg = Release|x86
		{681CB816-F991-44AF-AF0E-52114D02DAE8}.Linux|Mixed Platforms.Build.0 = Release|x86
		{681CB816-F991-44AF-AF0E-52114D02DAE8}.Linux|Mixed Platforms.Deploy.0 = Release|x86
		{681CB816-F991-44AF-AF0E-52114D02DAE8}.Linux|x64.ActiveCfg = Release|x64
		{681CB816-F991-44AF-AF0E-52114D02DAE8}.Linux|x64.Build.0 = Release|x64
		{681CB816-F991-44AF-AF0E-52114D02DAE8}.Linux|x64.Deploy.0 = Release|x64
		{681CB816-F991-44AF-AF0E-52114D02DAE8}.Linux|x86.ActiveCfg = Release|x86
		{681CB816-F991-44AF-AF0E-52114D02DAE8}.Linux|x86.Build.0 = Release|x86
		{681CB816-F991-44AF-AF0E-52114D02DAE8}.Linux|x86.Deploy.0 = Release|x86
		{681CB816-F991-44AF-AF0E-52114D02DAE8}.OSX|Any CPU.ActiveCfg = Release|Any CPU
		{681CB816-F991-44AF-AF0E-52114D02DAE8}.OSX|Any CPU.Build.0 = Release|Any CPU
		{681CB816-F991-44AF-AF0E-52114D02DAE8}.OSX|Any CPU.Deploy.0 = Release|Any CPU
		{681CB816-F991-44AF-AF0E-52114D02DAE8}.OSX|ARM.ActiveCfg = Release|ARM
		{681CB816-F991-44AF-AF0E-52114D02DAE8}.OSX|ARM.Build.0 = Release|ARM
		{681CB816-F991-44AF-AF0E-52114D02DAE8}.OSX|ARM.Deploy.0 = Release|ARM
		{681CB816-F991-44AF-AF0E-52114D02DAE8}.OSX|Mixed Platforms.ActiveCfg = Release|x86
		{681CB816-F991-44AF-AF0E-52114D02DAE8}.OSX|Mixed Platforms.Build.0 = Release|x86
		{681CB816-F991-44AF-AF0E-52114D02DAE8}.OSX|Mixed Platforms.Deploy.0 = Release|x86
		{681CB816-F991-44AF-AF0E-52114D02DAE8}.OSX|x64.ActiveCfg = Release|x64
		{681CB816-F991-44AF-AF0E-52114D02DAE8}.OSX|x64.Build.0 = Release|x64
		{681CB816-F991-44AF-AF0E-52114D02DAE8}.OSX|x64.Deploy.0 = Release|x64
		{681CB816-F991-44AF-AF0E-52114D02DAE8}.OSX|x86.ActiveCfg = Release|x86
		{681CB816-F991-44AF-AF0E-52114D02DAE8}.OSX|x86.Build.0 = Release|x86
		{681CB816-F991-44AF-AF0E-52114D02DAE8}.OSX|x86.Deploy.0 = Release|x86
		{681CB816-F991-44AF-AF0E-52114D02DAE8}.PSM|Any CPU.ActiveCfg = Release|Any CPU
		{681CB816-F991-44AF-AF0E-52114D02DAE8}.PSM|Any CPU.Build.0 = Release|Any CPU
		{681CB816-F991-44AF-AF0E-52114D02DAE8}.PSM|Any CPU.Deploy.0 = Release|Any CPU
		{681CB816-F991-44AF-AF0E-52114D02DAE8}.PSM|ARM.ActiveCfg = Release|ARM
		{681CB816-F991-44AF-AF0E-52114D02DAE8}.PSM|ARM.Build.0 = Release|ARM
		{681CB816-F991-44AF-AF0E-52114D02DAE8}.PSM|ARM.Deploy.0 = Release|ARM
		{681CB816-F991-44AF-AF0E-52114D02DAE8}.PSM|Mixed Platforms.ActiveCfg = Release|x86
		{681CB816-F991-44AF-AF0E-52114D02DAE8}.PSM|Mixed Platforms.Build.0 = Release|x86
		{681CB816-F991-44AF-AF0E-52114D02DAE8}.PSM|Mixed Platforms.Deploy.0 = Release|x86
		{681CB816-F991-44AF-AF0E-52114D02DAE8}.PSM|x64.ActiveCfg = Release|x64
		{681CB816-F991-44AF-AF0E-52114D02DAE8}.PSM|x64.Build.0 = Release|x64
		{681CB816-F991-44AF-AF0E-52114D02DAE8}.PSM|x64.Deploy.0 = Release|x64
		{681CB816-F991-44AF-AF0E-52114D02DAE8}.PSM|x86.ActiveCfg = Release|x86
		{681CB816-F991-44AF-AF0E-52114D02DAE8}.PSM|x86.Build.0 = Release|x86
		{681CB816-F991-44AF-AF0E-52114D02DAE8}.PSM|x86.Deploy.0 = Release|x86
		{681CB816-F991-44AF-AF0E-52114D02DAE8}.Release|Any CPU.ActiveCfg = Release|Any CPU
		{681CB816-F991-44AF-AF0E-52114D02DAE8}.Release|Any CPU.Build.0 = Release|Any CPU
		{681CB816-F991-44AF-AF0E-52114D02DAE8}.Release|Any CPU.Deploy.0 = Release|Any CPU
		{681CB816-F991-44AF-AF0E-52114D02DAE8}.Release|ARM.ActiveCfg = Release|ARM
		{681CB816-F991-44AF-AF0E-52114D02DAE8}.Release|ARM.Build.0 = Release|ARM
		{681CB816-F991-44AF-AF0E-52114D02DAE8}.Release|ARM.Deploy.0 = Release|ARM
		{681CB816-F991-44AF-AF0E-52114D02DAE8}.Release|Mixed Platforms.ActiveCfg = Release|x86
		{681CB816-F991-44AF-AF0E-52114D02DAE8}.Release|Mixed Platforms.Build.0 = Release|x86
		{681CB816-F991-44AF-AF0E-52114D02DAE8}.Release|Mixed Platforms.Deploy.0 = Release|x86
		{681CB816-F991-44AF-AF0E-52114D02DAE8}.Release|x64.ActiveCfg = Release|x64
		{681CB816-F991-44AF-AF0E-52114D02DAE8}.Release|x64.Build.0 = Release|x64
		{681CB816-F991-44AF-AF0E-52114D02DAE8}.Release|x64.Deploy.0 = Release|x64
		{681CB816-F991-44AF-AF0E-52114D02DAE8}.Release|x86.ActiveCfg = Release|x86
		{681CB816-F991-44AF-AF0E-52114D02DAE8}.Release|x86.Build.0 = Release|x86
		{681CB816-F991-44AF-AF0E-52114D02DAE8}.Release|x86.Deploy.0 = Release|x86
		{681CB816-F991-44AF-AF0E-52114D02DAE8}.Windows|Any CPU.ActiveCfg = Release|Any CPU
		{681CB816-F991-44AF-AF0E-52114D02DAE8}.Windows|Any CPU.Build.0 = Release|Any CPU
		{681CB816-F991-44AF-AF0E-52114D02DAE8}.Windows|Any CPU.Deploy.0 = Release|Any CPU
		{681CB816-F991-44AF-AF0E-52114D02DAE8}.Windows|ARM.ActiveCfg = Release|ARM
		{681CB816-F991-44AF-AF0E-52114D02DAE8}.Windows|ARM.Build.0 = Release|ARM
		{681CB816-F991-44AF-AF0E-52114D02DAE8}.Windows|ARM.Deploy.0 = Release|ARM
		{681CB816-F991-44AF-AF0E-52114D02DAE8}.Windows|Mixed Platforms.ActiveCfg = Release|x86
		{681CB816-F991-44AF-AF0E-52114D02DAE8}.Windows|Mixed Platforms.Build.0 = Release|x86
		{681CB816-F991-44AF-AF0E-52114D02DAE8}.Windows|x64.ActiveCfg = Release|x64
		{681CB816-F991-44AF-AF0E-52114D02DAE8}.Windows|x64.Build.0 = Release|x64
		{681CB816-F991-44AF-AF0E-52114D02DAE8}.Windows|x64.Deploy.0 = Release|x64
		{681CB816-F991-44AF-AF0E-52114D02DAE8}.Windows|x86.ActiveCfg = Release|x86
		{681CB816-F991-44AF-AF0E-52114D02DAE8}.Windows|x86.Build.0 = Release|x86
		{681CB816-F991-44AF-AF0E-52114D02DAE8}.Windows|x86.Deploy.0 = Release|x86
		{681CB816-F991-44AF-AF0E-52114D02DAE8}.Windows8|Any CPU.ActiveCfg = Release|Any CPU
		{681CB816-F991-44AF-AF0E-52114D02DAE8}.Windows8|Any CPU.Build.0 = Release|Any CPU
		{681CB816-F991-44AF-AF0E-52114D02DAE8}.Windows8|Any CPU.Deploy.0 = Release|Any CPU
		{681CB816-F991-44AF-AF0E-52114D02DAE8}.Windows8|ARM.ActiveCfg = Release|ARM
		{681CB816-F991-44AF-AF0E-52114D02DAE8}.Windows8|ARM.Build.0 = Release|ARM
		{681CB816-F991-44AF-AF0E-52114D02DAE8}.Windows8|ARM.Deploy.0 = Release|ARM
		{681CB816-F991-44AF-AF0E-52114D02DAE8}.Windows8|Mixed Platforms.ActiveCfg = Release|x86
		{681CB816-F991-44AF-AF0E-52114D02DAE8}.Windows8|Mixed Platforms.Build.0 = Release|x86
		{681CB816-F991-44AF-AF0E-52114D02DAE8}.Windows8|Mixed Platforms.Deploy.0 = Release|x86
		{681CB816-F991-44AF-AF0E-52114D02DAE8}.Windows8|x64.ActiveCfg = Release|x64
		{681CB816-F991-44AF-AF0E-52114D02DAE8}.Windows8|x64.Build.0 = Release|x64
		{681CB816-F991-44AF-AF0E-52114D02DAE8}.Windows8|x64.Deploy.0 = Release|x64
		{681CB816-F991-44AF-AF0E-52114D02DAE8}.Windows8|x86.ActiveCfg = Release|x86
		{681CB816-F991-44AF-AF0E-52114D02DAE8}.Windows8|x86.Build.0 = Release|x86
		{681CB816-F991-44AF-AF0E-52114D02DAE8}.Windows8|x86.Deploy.0 = Release|x86
		{1A34935D-D462-4D2B-AF00-36B4A599AB0F}.Android|Any CPU.ActiveCfg = Release|x86
		{1A34935D-D462-4D2B-AF00-36B4A599AB0F}.Android|ARM.ActiveCfg = Release|x86
		{1A34935D-D462-4D2B-AF00-36B4A599AB0F}.Android|Mixed Platforms.ActiveCfg = Release|x86
		{1A34935D-D462-4D2B-AF00-36B4A599AB0F}.Android|Mixed Platforms.Build.0 = Release|x86
		{1A34935D-D462-4D2B-AF00-36B4A599AB0F}.Android|x64.ActiveCfg = Release|x86
		{1A34935D-D462-4D2B-AF00-36B4A599AB0F}.Android|x86.ActiveCfg = Release|x86
		{1A34935D-D462-4D2B-AF00-36B4A599AB0F}.Android|x86.Build.0 = Release|x86
		{1A34935D-D462-4D2B-AF00-36B4A599AB0F}.Debug|Any CPU.ActiveCfg = Debug|x86
		{1A34935D-D462-4D2B-AF00-36B4A599AB0F}.Debug|ARM.ActiveCfg = Debug|x86
		{1A34935D-D462-4D2B-AF00-36B4A599AB0F}.Debug|Mixed Platforms.ActiveCfg = Debug|x86
		{1A34935D-D462-4D2B-AF00-36B4A599AB0F}.Debug|Mixed Platforms.Build.0 = Debug|x86
		{1A34935D-D462-4D2B-AF00-36B4A599AB0F}.Debug|x64.ActiveCfg = Debug|x86
		{1A34935D-D462-4D2B-AF00-36B4A599AB0F}.Debug|x86.ActiveCfg = Debug|x86
		{1A34935D-D462-4D2B-AF00-36B4A599AB0F}.Debug|x86.Build.0 = Debug|x86
		{1A34935D-D462-4D2B-AF00-36B4A599AB0F}.iOS|Any CPU.ActiveCfg = Release|x86
		{1A34935D-D462-4D2B-AF00-36B4A599AB0F}.iOS|ARM.ActiveCfg = Release|x86
		{1A34935D-D462-4D2B-AF00-36B4A599AB0F}.iOS|Mixed Platforms.ActiveCfg = Release|x86
		{1A34935D-D462-4D2B-AF00-36B4A599AB0F}.iOS|Mixed Platforms.Build.0 = Release|x86
		{1A34935D-D462-4D2B-AF00-36B4A599AB0F}.iOS|x64.ActiveCfg = Release|x86
		{1A34935D-D462-4D2B-AF00-36B4A599AB0F}.iOS|x86.ActiveCfg = Release|x86
		{1A34935D-D462-4D2B-AF00-36B4A599AB0F}.iOS|x86.Build.0 = Release|x86
		{1A34935D-D462-4D2B-AF00-36B4A599AB0F}.Linux|Any CPU.ActiveCfg = Release|x86
		{1A34935D-D462-4D2B-AF00-36B4A599AB0F}.Linux|ARM.ActiveCfg = Release|x86
		{1A34935D-D462-4D2B-AF00-36B4A599AB0F}.Linux|Mixed Platforms.ActiveCfg = Release|x86
		{1A34935D-D462-4D2B-AF00-36B4A599AB0F}.Linux|Mixed Platforms.Build.0 = Release|x86
		{1A34935D-D462-4D2B-AF00-36B4A599AB0F}.Linux|x64.ActiveCfg = Release|x86
		{1A34935D-D462-4D2B-AF00-36B4A599AB0F}.Linux|x86.ActiveCfg = Release|x86
		{1A34935D-D462-4D2B-AF00-36B4A599AB0F}.Linux|x86.Build.0 = Release|x86
		{1A34935D-D462-4D2B-AF00-36B4A599AB0F}.OSX|Any CPU.ActiveCfg = Release|x86
		{1A34935D-D462-4D2B-AF00-36B4A599AB0F}.OSX|ARM.ActiveCfg = Release|x86
		{1A34935D-D462-4D2B-AF00-36B4A599AB0F}.OSX|Mixed Platforms.ActiveCfg = Release|x86
		{1A34935D-D462-4D2B-AF00-36B4A599AB0F}.OSX|Mixed Platforms.Build.0 = Release|x86
		{1A34935D-D462-4D2B-AF00-36B4A599AB0F}.OSX|x64.ActiveCfg = Release|x86
		{1A34935D-D462-4D2B-AF00-36B4A599AB0F}.OSX|x86.ActiveCfg = Release|x86
		{1A34935D-D462-4D2B-AF00-36B4A599AB0F}.OSX|x86.Build.0 = Release|x86
		{1A34935D-D462-4D2B-AF00-36B4A599AB0F}.PSM|Any CPU.ActiveCfg = Release|x86
		{1A34935D-D462-4D2B-AF00-36B4A599AB0F}.PSM|ARM.ActiveCfg = Release|x86
		{1A34935D-D462-4D2B-AF00-36B4A599AB0F}.PSM|Mixed Platforms.ActiveCfg = Release|x86
		{1A34935D-D462-4D2B-AF00-36B4A599AB0F}.PSM|Mixed Platforms.Build.0 = Release|x86
		{1A34935D-D462-4D2B-AF00-36B4A599AB0F}.PSM|x64.ActiveCfg = Release|x86
		{1A34935D-D462-4D2B-AF00-36B4A599AB0F}.PSM|x86.ActiveCfg = Release|x86
		{1A34935D-D462-4D2B-AF00-36B4A599AB0F}.PSM|x86.Build.0 = Release|x86
		{1A34935D-D462-4D2B-AF00-36B4A599AB0F}.Release|Any CPU.ActiveCfg = Release|x86
		{1A34935D-D462-4D2B-AF00-36B4A599AB0F}.Release|ARM.ActiveCfg = Release|x86
		{1A34935D-D462-4D2B-AF00-36B4A599AB0F}.Release|Mixed Platforms.ActiveCfg = Release|x86
		{1A34935D-D462-4D2B-AF00-36B4A599AB0F}.Release|Mixed Platforms.Build.0 = Release|x86
		{1A34935D-D462-4D2B-AF00-36B4A599AB0F}.Release|x64.ActiveCfg = Release|x86
		{1A34935D-D462-4D2B-AF00-36B4A599AB0F}.Release|x86.ActiveCfg = Release|x86
		{1A34935D-D462-4D2B-AF00-36B4A599AB0F}.Release|x86.Build.0 = Release|x86
		{1A34935D-D462-4D2B-AF00-36B4A599AB0F}.Windows|Any CPU.ActiveCfg = Release|x86
		{1A34935D-D462-4D2B-AF00-36B4A599AB0F}.Windows|ARM.ActiveCfg = Release|x86
		{1A34935D-D462-4D2B-AF00-36B4A599AB0F}.Windows|Mixed Platforms.ActiveCfg = Release|x86
		{1A34935D-D462-4D2B-AF00-36B4A599AB0F}.Windows|Mixed Platforms.Build.0 = Release|x86
		{1A34935D-D462-4D2B-AF00-36B4A599AB0F}.Windows|x64.ActiveCfg = Release|x86
		{1A34935D-D462-4D2B-AF00-36B4A599AB0F}.Windows|x86.ActiveCfg = Release|x86
		{1A34935D-D462-4D2B-AF00-36B4A599AB0F}.Windows|x86.Build.0 = Release|x86
		{1A34935D-D462-4D2B-AF00-36B4A599AB0F}.Windows8|Any CPU.ActiveCfg = Release|x86
		{1A34935D-D462-4D2B-AF00-36B4A599AB0F}.Windows8|ARM.ActiveCfg = Release|x86
		{1A34935D-D462-4D2B-AF00-36B4A599AB0F}.Windows8|Mixed Platforms.ActiveCfg = Release|x86
		{1A34935D-D462-4D2B-AF00-36B4A599AB0F}.Windows8|Mixed Platforms.Build.0 = Release|x86
		{1A34935D-D462-4D2B-AF00-36B4A599AB0F}.Windows8|x64.ActiveCfg = Release|x86
		{1A34935D-D462-4D2B-AF00-36B4A599AB0F}.Windows8|x86.ActiveCfg = Release|x86
		{1A34935D-D462-4D2B-AF00-36B4A599AB0F}.Windows8|x86.Build.0 = Release|x86
		{A6633657-3842-417A-B3F0-2FB329130139}.Android|Any CPU.ActiveCfg = Release|Any CPU
		{A6633657-3842-417A-B3F0-2FB329130139}.Android|Any CPU.Build.0 = Release|Any CPU
		{A6633657-3842-417A-B3F0-2FB329130139}.Android|ARM.ActiveCfg = Release|Any CPU
		{A6633657-3842-417A-B3F0-2FB329130139}.Android|Mixed Platforms.ActiveCfg = Release|Any CPU
		{A6633657-3842-417A-B3F0-2FB329130139}.Android|Mixed Platforms.Build.0 = Release|Any CPU
		{A6633657-3842-417A-B3F0-2FB329130139}.Android|x64.ActiveCfg = Release|Any CPU
		{A6633657-3842-417A-B3F0-2FB329130139}.Android|x86.ActiveCfg = Release|Any CPU
		{A6633657-3842-417A-B3F0-2FB329130139}.Debug|Any CPU.ActiveCfg = Debug|Any CPU
		{A6633657-3842-417A-B3F0-2FB329130139}.Debug|Any CPU.Build.0 = Debug|Any CPU
		{A6633657-3842-417A-B3F0-2FB329130139}.Debug|ARM.ActiveCfg = Debug|Any CPU
		{A6633657-3842-417A-B3F0-2FB329130139}.Debug|Mixed Platforms.ActiveCfg = Debug|Any CPU
		{A6633657-3842-417A-B3F0-2FB329130139}.Debug|Mixed Platforms.Build.0 = Debug|Any CPU
		{A6633657-3842-417A-B3F0-2FB329130139}.Debug|x64.ActiveCfg = Debug|Any CPU
		{A6633657-3842-417A-B3F0-2FB329130139}.Debug|x86.ActiveCfg = Debug|Any CPU
		{A6633657-3842-417A-B3F0-2FB329130139}.iOS|Any CPU.ActiveCfg = Release|Any CPU
		{A6633657-3842-417A-B3F0-2FB329130139}.iOS|Any CPU.Build.0 = Release|Any CPU
		{A6633657-3842-417A-B3F0-2FB329130139}.iOS|ARM.ActiveCfg = Release|Any CPU
		{A6633657-3842-417A-B3F0-2FB329130139}.iOS|Mixed Platforms.ActiveCfg = Release|Any CPU
		{A6633657-3842-417A-B3F0-2FB329130139}.iOS|Mixed Platforms.Build.0 = Release|Any CPU
		{A6633657-3842-417A-B3F0-2FB329130139}.iOS|x64.ActiveCfg = Release|Any CPU
		{A6633657-3842-417A-B3F0-2FB329130139}.iOS|x86.ActiveCfg = Release|Any CPU
		{A6633657-3842-417A-B3F0-2FB329130139}.Linux|Any CPU.ActiveCfg = Release|Any CPU
		{A6633657-3842-417A-B3F0-2FB329130139}.Linux|Any CPU.Build.0 = Release|Any CPU
		{A6633657-3842-417A-B3F0-2FB329130139}.Linux|ARM.ActiveCfg = Release|Any CPU
		{A6633657-3842-417A-B3F0-2FB329130139}.Linux|Mixed Platforms.ActiveCfg = Release|Any CPU
		{A6633657-3842-417A-B3F0-2FB329130139}.Linux|Mixed Platforms.Build.0 = Release|Any CPU
		{A6633657-3842-417A-B3F0-2FB329130139}.Linux|x64.ActiveCfg = Release|Any CPU
		{A6633657-3842-417A-B3F0-2FB329130139}.Linux|x86.ActiveCfg = Release|Any CPU
		{A6633657-3842-417A-B3F0-2FB329130139}.OSX|Any CPU.ActiveCfg = Release|Any CPU
		{A6633657-3842-417A-B3F0-2FB329130139}.OSX|Any CPU.Build.0 = Release|Any CPU
		{A6633657-3842-417A-B3F0-2FB329130139}.OSX|ARM.ActiveCfg = Release|Any CPU
		{A6633657-3842-417A-B3F0-2FB329130139}.OSX|Mixed Platforms.ActiveCfg = Release|Any CPU
		{A6633657-3842-417A-B3F0-2FB329130139}.OSX|Mixed Platforms.Build.0 = Release|Any CPU
		{A6633657-3842-417A-B3F0-2FB329130139}.OSX|x64.ActiveCfg = Release|Any CPU
		{A6633657-3842-417A-B3F0-2FB329130139}.OSX|x86.ActiveCfg = Release|Any CPU
		{A6633657-3842-417A-B3F0-2FB329130139}.PSM|Any CPU.ActiveCfg = Release|Any CPU
		{A6633657-3842-417A-B3F0-2FB329130139}.PSM|Any CPU.Build.0 = Release|Any CPU
		{A6633657-3842-417A-B3F0-2FB329130139}.PSM|ARM.ActiveCfg = Release|Any CPU
		{A6633657-3842-417A-B3F0-2FB329130139}.PSM|Mixed Platforms.ActiveCfg = Release|Any CPU
		{A6633657-3842-417A-B3F0-2FB329130139}.PSM|Mixed Platforms.Build.0 = Release|Any CPU
		{A6633657-3842-417A-B3F0-2FB329130139}.PSM|x64.ActiveCfg = Release|Any CPU
		{A6633657-3842-417A-B3F0-2FB329130139}.PSM|x86.ActiveCfg = Release|Any CPU
		{A6633657-3842-417A-B3F0-2FB329130139}.Release|Any CPU.ActiveCfg = Release|Any CPU
		{A6633657-3842-417A-B3F0-2FB329130139}.Release|Any CPU.Build.0 = Release|Any CPU
		{A6633657-3842-417A-B3F0-2FB329130139}.Release|ARM.ActiveCfg = Release|Any CPU
		{A6633657-3842-417A-B3F0-2FB329130139}.Release|Mixed Platforms.ActiveCfg = Release|Any CPU
		{A6633657-3842-417A-B3F0-2FB329130139}.Release|Mixed Platforms.Build.0 = Release|Any CPU
		{A6633657-3842-417A-B3F0-2FB329130139}.Release|x64.ActiveCfg = Release|Any CPU
		{A6633657-3842-417A-B3F0-2FB329130139}.Release|x86.ActiveCfg = Release|Any CPU
		{A6633657-3842-417A-B3F0-2FB329130139}.Windows|Any CPU.ActiveCfg = Release|Any CPU
		{A6633657-3842-417A-B3F0-2FB329130139}.Windows|Any CPU.Build.0 = Release|Any CPU
		{A6633657-3842-417A-B3F0-2FB329130139}.Windows|ARM.ActiveCfg = Release|Any CPU
		{A6633657-3842-417A-B3F0-2FB329130139}.Windows|Mixed Platforms.ActiveCfg = Release|Any CPU
		{A6633657-3842-417A-B3F0-2FB329130139}.Windows|Mixed Platforms.Build.0 = Release|Any CPU
		{A6633657-3842-417A-B3F0-2FB329130139}.Windows|x64.ActiveCfg = Release|Any CPU
		{A6633657-3842-417A-B3F0-2FB329130139}.Windows|x86.ActiveCfg = Release|Any CPU
		{A6633657-3842-417A-B3F0-2FB329130139}.Windows8|Any CPU.ActiveCfg = Release|Any CPU
		{A6633657-3842-417A-B3F0-2FB329130139}.Windows8|Any CPU.Build.0 = Release|Any CPU
		{A6633657-3842-417A-B3F0-2FB329130139}.Windows8|ARM.ActiveCfg = Release|Any CPU
		{A6633657-3842-417A-B3F0-2FB329130139}.Windows8|Mixed Platforms.ActiveCfg = Release|Any CPU
		{A6633657-3842-417A-B3F0-2FB329130139}.Windows8|Mixed Platforms.Build.0 = Release|Any CPU
		{A6633657-3842-417A-B3F0-2FB329130139}.Windows8|x64.ActiveCfg = Release|Any CPU
		{A6633657-3842-417A-B3F0-2FB329130139}.Windows8|x86.ActiveCfg = Release|Any CPU
		{CEE2B382-4F02-4693-AE8D-2DF483DD88CC}.Android|Any CPU.ActiveCfg = Release|Any CPU
		{CEE2B382-4F02-4693-AE8D-2DF483DD88CC}.Android|Any CPU.Build.0 = Release|Any CPU
		{CEE2B382-4F02-4693-AE8D-2DF483DD88CC}.Android|ARM.ActiveCfg = Release|Any CPU
		{CEE2B382-4F02-4693-AE8D-2DF483DD88CC}.Android|Mixed Platforms.ActiveCfg = Release|Any CPU
		{CEE2B382-4F02-4693-AE8D-2DF483DD88CC}.Android|Mixed Platforms.Build.0 = Release|Any CPU
		{CEE2B382-4F02-4693-AE8D-2DF483DD88CC}.Android|x64.ActiveCfg = Release|Any CPU
		{CEE2B382-4F02-4693-AE8D-2DF483DD88CC}.Android|x86.ActiveCfg = Release|Any CPU
		{CEE2B382-4F02-4693-AE8D-2DF483DD88CC}.Debug|Any CPU.ActiveCfg = Debug|Any CPU
		{CEE2B382-4F02-4693-AE8D-2DF483DD88CC}.Debug|Any CPU.Build.0 = Debug|Any CPU
		{CEE2B382-4F02-4693-AE8D-2DF483DD88CC}.Debug|ARM.ActiveCfg = Debug|Any CPU
		{CEE2B382-4F02-4693-AE8D-2DF483DD88CC}.Debug|Mixed Platforms.ActiveCfg = Debug|Any CPU
		{CEE2B382-4F02-4693-AE8D-2DF483DD88CC}.Debug|Mixed Platforms.Build.0 = Debug|Any CPU
		{CEE2B382-4F02-4693-AE8D-2DF483DD88CC}.Debug|x64.ActiveCfg = Debug|Any CPU
		{CEE2B382-4F02-4693-AE8D-2DF483DD88CC}.Debug|x86.ActiveCfg = Debug|Any CPU
		{CEE2B382-4F02-4693-AE8D-2DF483DD88CC}.iOS|Any CPU.ActiveCfg = Release|Any CPU
		{CEE2B382-4F02-4693-AE8D-2DF483DD88CC}.iOS|Any CPU.Build.0 = Release|Any CPU
		{CEE2B382-4F02-4693-AE8D-2DF483DD88CC}.iOS|ARM.ActiveCfg = Release|Any CPU
		{CEE2B382-4F02-4693-AE8D-2DF483DD88CC}.iOS|Mixed Platforms.ActiveCfg = Release|Any CPU
		{CEE2B382-4F02-4693-AE8D-2DF483DD88CC}.iOS|Mixed Platforms.Build.0 = Release|Any CPU
		{CEE2B382-4F02-4693-AE8D-2DF483DD88CC}.iOS|x64.ActiveCfg = Release|Any CPU
		{CEE2B382-4F02-4693-AE8D-2DF483DD88CC}.iOS|x86.ActiveCfg = Release|Any CPU
		{CEE2B382-4F02-4693-AE8D-2DF483DD88CC}.Linux|Any CPU.ActiveCfg = Release|Any CPU
		{CEE2B382-4F02-4693-AE8D-2DF483DD88CC}.Linux|Any CPU.Build.0 = Release|Any CPU
		{CEE2B382-4F02-4693-AE8D-2DF483DD88CC}.Linux|ARM.ActiveCfg = Release|Any CPU
		{CEE2B382-4F02-4693-AE8D-2DF483DD88CC}.Linux|Mixed Platforms.ActiveCfg = Release|Any CPU
		{CEE2B382-4F02-4693-AE8D-2DF483DD88CC}.Linux|Mixed Platforms.Build.0 = Release|Any CPU
		{CEE2B382-4F02-4693-AE8D-2DF483DD88CC}.Linux|x64.ActiveCfg = Release|Any CPU
		{CEE2B382-4F02-4693-AE8D-2DF483DD88CC}.Linux|x86.ActiveCfg = Release|Any CPU
		{CEE2B382-4F02-4693-AE8D-2DF483DD88CC}.OSX|Any CPU.ActiveCfg = Release|Any CPU
		{CEE2B382-4F02-4693-AE8D-2DF483DD88CC}.OSX|Any CPU.Build.0 = Release|Any CPU
		{CEE2B382-4F02-4693-AE8D-2DF483DD88CC}.OSX|ARM.ActiveCfg = Release|Any CPU
		{CEE2B382-4F02-4693-AE8D-2DF483DD88CC}.OSX|Mixed Platforms.ActiveCfg = Release|Any CPU
		{CEE2B382-4F02-4693-AE8D-2DF483DD88CC}.OSX|Mixed Platforms.Build.0 = Release|Any CPU
		{CEE2B382-4F02-4693-AE8D-2DF483DD88CC}.OSX|x64.ActiveCfg = Release|Any CPU
		{CEE2B382-4F02-4693-AE8D-2DF483DD88CC}.OSX|x86.ActiveCfg = Release|Any CPU
		{CEE2B382-4F02-4693-AE8D-2DF483DD88CC}.PSM|Any CPU.ActiveCfg = Release|Any CPU
		{CEE2B382-4F02-4693-AE8D-2DF483DD88CC}.PSM|Any CPU.Build.0 = Release|Any CPU
		{CEE2B382-4F02-4693-AE8D-2DF483DD88CC}.PSM|ARM.ActiveCfg = Release|Any CPU
		{CEE2B382-4F02-4693-AE8D-2DF483DD88CC}.PSM|Mixed Platforms.ActiveCfg = Release|Any CPU
		{CEE2B382-4F02-4693-AE8D-2DF483DD88CC}.PSM|Mixed Platforms.Build.0 = Release|Any CPU
		{CEE2B382-4F02-4693-AE8D-2DF483DD88CC}.PSM|x64.ActiveCfg = Release|Any CPU
		{CEE2B382-4F02-4693-AE8D-2DF483DD88CC}.PSM|x86.ActiveCfg = Release|Any CPU
		{CEE2B382-4F02-4693-AE8D-2DF483DD88CC}.Release|Any CPU.ActiveCfg = Release|Any CPU
		{CEE2B382-4F02-4693-AE8D-2DF483DD88CC}.Release|Any CPU.Build.0 = Release|Any CPU
		{CEE2B382-4F02-4693-AE8D-2DF483DD88CC}.Release|ARM.ActiveCfg = Release|Any CPU
		{CEE2B382-4F02-4693-AE8D-2DF483DD88CC}.Release|Mixed Platforms.ActiveCfg = Release|Any CPU
		{CEE2B382-4F02-4693-AE8D-2DF483DD88CC}.Release|Mixed Platforms.Build.0 = Release|Any CPU
		{CEE2B382-4F02-4693-AE8D-2DF483DD88CC}.Release|x64.ActiveCfg = Release|Any CPU
		{CEE2B382-4F02-4693-AE8D-2DF483DD88CC}.Release|x86.ActiveCfg = Release|Any CPU
		{CEE2B382-4F02-4693-AE8D-2DF483DD88CC}.Windows|Any CPU.ActiveCfg = Release|Any CPU
		{CEE2B382-4F02-4693-AE8D-2DF483DD88CC}.Windows|Any CPU.Build.0 = Release|Any CPU
		{CEE2B382-4F02-4693-AE8D-2DF483DD88CC}.Windows|ARM.ActiveCfg = Release|Any CPU
		{CEE2B382-4F02-4693-AE8D-2DF483DD88CC}.Windows|Mixed Platforms.ActiveCfg = Release|Any CPU
		{CEE2B382-4F02-4693-AE8D-2DF483DD88CC}.Windows|Mixed Platforms.Build.0 = Release|Any CPU
		{CEE2B382-4F02-4693-AE8D-2DF483DD88CC}.Windows|x64.ActiveCfg = Release|Any CPU
		{CEE2B382-4F02-4693-AE8D-2DF483DD88CC}.Windows|x86.ActiveCfg = Release|Any CPU
		{CEE2B382-4F02-4693-AE8D-2DF483DD88CC}.Windows8|Any CPU.ActiveCfg = Release|Any CPU
		{CEE2B382-4F02-4693-AE8D-2DF483DD88CC}.Windows8|Any CPU.Build.0 = Release|Any CPU
		{CEE2B382-4F02-4693-AE8D-2DF483DD88CC}.Windows8|ARM.ActiveCfg = Release|Any CPU
		{CEE2B382-4F02-4693-AE8D-2DF483DD88CC}.Windows8|Mixed Platforms.ActiveCfg = Release|Any CPU
		{CEE2B382-4F02-4693-AE8D-2DF483DD88CC}.Windows8|Mixed Platforms.Build.0 = Release|Any CPU
		{CEE2B382-4F02-4693-AE8D-2DF483DD88CC}.Windows8|x64.ActiveCfg = Release|Any CPU
		{CEE2B382-4F02-4693-AE8D-2DF483DD88CC}.Windows8|x86.ActiveCfg = Release|Any CPU
		{3DCC7071-6360-4E30-922F-4C9544E4838A}.Android|Any CPU.ActiveCfg = Release|Any CPU
		{3DCC7071-6360-4E30-922F-4C9544E4838A}.Android|Any CPU.Build.0 = Release|Any CPU
		{3DCC7071-6360-4E30-922F-4C9544E4838A}.Android|Any CPU.Deploy.0 = Release|Any CPU
		{3DCC7071-6360-4E30-922F-4C9544E4838A}.Android|ARM.ActiveCfg = Release|Any CPU
		{3DCC7071-6360-4E30-922F-4C9544E4838A}.Android|Mixed Platforms.ActiveCfg = Release|Any CPU
		{3DCC7071-6360-4E30-922F-4C9544E4838A}.Android|Mixed Platforms.Build.0 = Release|Any CPU
		{3DCC7071-6360-4E30-922F-4C9544E4838A}.Android|Mixed Platforms.Deploy.0 = Release|Any CPU
		{3DCC7071-6360-4E30-922F-4C9544E4838A}.Android|x64.ActiveCfg = Release|Any CPU
		{3DCC7071-6360-4E30-922F-4C9544E4838A}.Android|x86.ActiveCfg = Release|Any CPU
		{3DCC7071-6360-4E30-922F-4C9544E4838A}.Debug|Any CPU.ActiveCfg = Debug|Any CPU
		{3DCC7071-6360-4E30-922F-4C9544E4838A}.Debug|Any CPU.Build.0 = Debug|Any CPU
		{3DCC7071-6360-4E30-922F-4C9544E4838A}.Debug|Any CPU.Deploy.0 = Debug|Any CPU
		{3DCC7071-6360-4E30-922F-4C9544E4838A}.Debug|ARM.ActiveCfg = Debug|Any CPU
		{3DCC7071-6360-4E30-922F-4C9544E4838A}.Debug|Mixed Platforms.ActiveCfg = Debug|Any CPU
		{3DCC7071-6360-4E30-922F-4C9544E4838A}.Debug|Mixed Platforms.Build.0 = Debug|Any CPU
		{3DCC7071-6360-4E30-922F-4C9544E4838A}.Debug|Mixed Platforms.Deploy.0 = Debug|Any CPU
		{3DCC7071-6360-4E30-922F-4C9544E4838A}.Debug|x64.ActiveCfg = Debug|Any CPU
		{3DCC7071-6360-4E30-922F-4C9544E4838A}.Debug|x86.ActiveCfg = Debug|Any CPU
		{3DCC7071-6360-4E30-922F-4C9544E4838A}.iOS|Any CPU.ActiveCfg = Release|Any CPU
		{3DCC7071-6360-4E30-922F-4C9544E4838A}.iOS|Any CPU.Build.0 = Release|Any CPU
		{3DCC7071-6360-4E30-922F-4C9544E4838A}.iOS|Any CPU.Deploy.0 = Release|Any CPU
		{3DCC7071-6360-4E30-922F-4C9544E4838A}.iOS|ARM.ActiveCfg = Release|Any CPU
		{3DCC7071-6360-4E30-922F-4C9544E4838A}.iOS|Mixed Platforms.ActiveCfg = Release|Any CPU
		{3DCC7071-6360-4E30-922F-4C9544E4838A}.iOS|Mixed Platforms.Build.0 = Release|Any CPU
		{3DCC7071-6360-4E30-922F-4C9544E4838A}.iOS|Mixed Platforms.Deploy.0 = Release|Any CPU
		{3DCC7071-6360-4E30-922F-4C9544E4838A}.iOS|x64.ActiveCfg = Release|Any CPU
		{3DCC7071-6360-4E30-922F-4C9544E4838A}.iOS|x86.ActiveCfg = Release|Any CPU
		{3DCC7071-6360-4E30-922F-4C9544E4838A}.Linux|Any CPU.ActiveCfg = Release|Any CPU
		{3DCC7071-6360-4E30-922F-4C9544E4838A}.Linux|Any CPU.Build.0 = Release|Any CPU
		{3DCC7071-6360-4E30-922F-4C9544E4838A}.Linux|Any CPU.Deploy.0 = Release|Any CPU
		{3DCC7071-6360-4E30-922F-4C9544E4838A}.Linux|ARM.ActiveCfg = Release|Any CPU
		{3DCC7071-6360-4E30-922F-4C9544E4838A}.Linux|Mixed Platforms.ActiveCfg = Release|Any CPU
		{3DCC7071-6360-4E30-922F-4C9544E4838A}.Linux|Mixed Platforms.Build.0 = Release|Any CPU
		{3DCC7071-6360-4E30-922F-4C9544E4838A}.Linux|Mixed Platforms.Deploy.0 = Release|Any CPU
		{3DCC7071-6360-4E30-922F-4C9544E4838A}.Linux|x64.ActiveCfg = Release|Any CPU
		{3DCC7071-6360-4E30-922F-4C9544E4838A}.Linux|x86.ActiveCfg = Release|Any CPU
		{3DCC7071-6360-4E30-922F-4C9544E4838A}.OSX|Any CPU.ActiveCfg = Release|Any CPU
		{3DCC7071-6360-4E30-922F-4C9544E4838A}.OSX|Any CPU.Build.0 = Release|Any CPU
		{3DCC7071-6360-4E30-922F-4C9544E4838A}.OSX|Any CPU.Deploy.0 = Release|Any CPU
		{3DCC7071-6360-4E30-922F-4C9544E4838A}.OSX|ARM.ActiveCfg = Release|Any CPU
		{3DCC7071-6360-4E30-922F-4C9544E4838A}.OSX|Mixed Platforms.ActiveCfg = Release|Any CPU
		{3DCC7071-6360-4E30-922F-4C9544E4838A}.OSX|Mixed Platforms.Build.0 = Release|Any CPU
		{3DCC7071-6360-4E30-922F-4C9544E4838A}.OSX|Mixed Platforms.Deploy.0 = Release|Any CPU
		{3DCC7071-6360-4E30-922F-4C9544E4838A}.OSX|x64.ActiveCfg = Release|Any CPU
		{3DCC7071-6360-4E30-922F-4C9544E4838A}.OSX|x86.ActiveCfg = Release|Any CPU
		{3DCC7071-6360-4E30-922F-4C9544E4838A}.PSM|Any CPU.ActiveCfg = Release|Any CPU
		{3DCC7071-6360-4E30-922F-4C9544E4838A}.PSM|Any CPU.Build.0 = Release|Any CPU
		{3DCC7071-6360-4E30-922F-4C9544E4838A}.PSM|Any CPU.Deploy.0 = Release|Any CPU
		{3DCC7071-6360-4E30-922F-4C9544E4838A}.PSM|ARM.ActiveCfg = Release|Any CPU
		{3DCC7071-6360-4E30-922F-4C9544E4838A}.PSM|Mixed Platforms.ActiveCfg = Release|Any CPU
		{3DCC7071-6360-4E30-922F-4C9544E4838A}.PSM|Mixed Platforms.Build.0 = Release|Any CPU
		{3DCC7071-6360-4E30-922F-4C9544E4838A}.PSM|Mixed Platforms.Deploy.0 = Release|Any CPU
		{3DCC7071-6360-4E30-922F-4C9544E4838A}.PSM|x64.ActiveCfg = Release|Any CPU
		{3DCC7071-6360-4E30-922F-4C9544E4838A}.PSM|x86.ActiveCfg = Release|Any CPU
		{3DCC7071-6360-4E30-922F-4C9544E4838A}.Release|Any CPU.ActiveCfg = Release|Any CPU
		{3DCC7071-6360-4E30-922F-4C9544E4838A}.Release|Any CPU.Build.0 = Release|Any CPU
		{3DCC7071-6360-4E30-922F-4C9544E4838A}.Release|Any CPU.Deploy.0 = Release|Any CPU
		{3DCC7071-6360-4E30-922F-4C9544E4838A}.Release|ARM.ActiveCfg = Release|Any CPU
		{3DCC7071-6360-4E30-922F-4C9544E4838A}.Release|Mixed Platforms.ActiveCfg = Release|Any CPU
		{3DCC7071-6360-4E30-922F-4C9544E4838A}.Release|Mixed Platforms.Build.0 = Release|Any CPU
		{3DCC7071-6360-4E30-922F-4C9544E4838A}.Release|Mixed Platforms.Deploy.0 = Release|Any CPU
		{3DCC7071-6360-4E30-922F-4C9544E4838A}.Release|x64.ActiveCfg = Release|Any CPU
		{3DCC7071-6360-4E30-922F-4C9544E4838A}.Release|x86.ActiveCfg = Release|Any CPU
		{3DCC7071-6360-4E30-922F-4C9544E4838A}.Windows|Any CPU.ActiveCfg = Release|Any CPU
		{3DCC7071-6360-4E30-922F-4C9544E4838A}.Windows|Any CPU.Build.0 = Release|Any CPU
		{3DCC7071-6360-4E30-922F-4C9544E4838A}.Windows|Any CPU.Deploy.0 = Release|Any CPU
		{3DCC7071-6360-4E30-922F-4C9544E4838A}.Windows|ARM.ActiveCfg = Release|Any CPU
		{3DCC7071-6360-4E30-922F-4C9544E4838A}.Windows|Mixed Platforms.ActiveCfg = Release|Any CPU
		{3DCC7071-6360-4E30-922F-4C9544E4838A}.Windows|Mixed Platforms.Build.0 = Release|Any CPU
		{3DCC7071-6360-4E30-922F-4C9544E4838A}.Windows|Mixed Platforms.Deploy.0 = Release|Any CPU
		{3DCC7071-6360-4E30-922F-4C9544E4838A}.Windows|x64.ActiveCfg = Release|Any CPU
		{3DCC7071-6360-4E30-922F-4C9544E4838A}.Windows|x86.ActiveCfg = Release|Any CPU
		{3DCC7071-6360-4E30-922F-4C9544E4838A}.Windows8|Any CPU.ActiveCfg = Release|Any CPU
		{3DCC7071-6360-4E30-922F-4C9544E4838A}.Windows8|Any CPU.Build.0 = Release|Any CPU
		{3DCC7071-6360-4E30-922F-4C9544E4838A}.Windows8|Any CPU.Deploy.0 = Release|Any CPU
		{3DCC7071-6360-4E30-922F-4C9544E4838A}.Windows8|ARM.ActiveCfg = Release|Any CPU
		{3DCC7071-6360-4E30-922F-4C9544E4838A}.Windows8|Mixed Platforms.ActiveCfg = Release|Any CPU
		{3DCC7071-6360-4E30-922F-4C9544E4838A}.Windows8|Mixed Platforms.Build.0 = Release|Any CPU
		{3DCC7071-6360-4E30-922F-4C9544E4838A}.Windows8|Mixed Platforms.Deploy.0 = Release|Any CPU
		{3DCC7071-6360-4E30-922F-4C9544E4838A}.Windows8|x64.ActiveCfg = Release|Any CPU
		{3DCC7071-6360-4E30-922F-4C9544E4838A}.Windows8|x86.ActiveCfg = Release|Any CPU
		{001887A1-A043-455F-85C3-D87B48B530E0}.Android|Any CPU.ActiveCfg = Release|Any CPU
		{001887A1-A043-455F-85C3-D87B48B530E0}.Android|Any CPU.Build.0 = Release|Any CPU
		{001887A1-A043-455F-85C3-D87B48B530E0}.Android|ARM.ActiveCfg = Release|Any CPU
		{001887A1-A043-455F-85C3-D87B48B530E0}.Android|Mixed Platforms.ActiveCfg = Release|Any CPU
		{001887A1-A043-455F-85C3-D87B48B530E0}.Android|Mixed Platforms.Build.0 = Release|Any CPU
		{001887A1-A043-455F-85C3-D87B48B530E0}.Android|x64.ActiveCfg = Release|Any CPU
		{001887A1-A043-455F-85C3-D87B48B530E0}.Android|x86.ActiveCfg = Release|Any CPU
		{001887A1-A043-455F-85C3-D87B48B530E0}.Debug|Any CPU.ActiveCfg = Debug|Any CPU
		{001887A1-A043-455F-85C3-D87B48B530E0}.Debug|Any CPU.Build.0 = Debug|Any CPU
		{001887A1-A043-455F-85C3-D87B48B530E0}.Debug|ARM.ActiveCfg = Debug|Any CPU
		{001887A1-A043-455F-85C3-D87B48B530E0}.Debug|Mixed Platforms.ActiveCfg = Debug|Any CPU
		{001887A1-A043-455F-85C3-D87B48B530E0}.Debug|Mixed Platforms.Build.0 = Debug|Any CPU
		{001887A1-A043-455F-85C3-D87B48B530E0}.Debug|x64.ActiveCfg = Debug|Any CPU
		{001887A1-A043-455F-85C3-D87B48B530E0}.Debug|x86.ActiveCfg = Debug|Any CPU
		{001887A1-A043-455F-85C3-D87B48B530E0}.iOS|Any CPU.ActiveCfg = Release|Any CPU
		{001887A1-A043-455F-85C3-D87B48B530E0}.iOS|Any CPU.Build.0 = Release|Any CPU
		{001887A1-A043-455F-85C3-D87B48B530E0}.iOS|ARM.ActiveCfg = Release|Any CPU
		{001887A1-A043-455F-85C3-D87B48B530E0}.iOS|Mixed Platforms.ActiveCfg = Release|Any CPU
		{001887A1-A043-455F-85C3-D87B48B530E0}.iOS|Mixed Platforms.Build.0 = Release|Any CPU
		{001887A1-A043-455F-85C3-D87B48B530E0}.iOS|x64.ActiveCfg = Release|Any CPU
		{001887A1-A043-455F-85C3-D87B48B530E0}.iOS|x86.ActiveCfg = Release|Any CPU
		{001887A1-A043-455F-85C3-D87B48B530E0}.Linux|Any CPU.ActiveCfg = Release|Any CPU
		{001887A1-A043-455F-85C3-D87B48B530E0}.Linux|Any CPU.Build.0 = Release|Any CPU
		{001887A1-A043-455F-85C3-D87B48B530E0}.Linux|ARM.ActiveCfg = Release|Any CPU
		{001887A1-A043-455F-85C3-D87B48B530E0}.Linux|Mixed Platforms.ActiveCfg = Release|Any CPU
		{001887A1-A043-455F-85C3-D87B48B530E0}.Linux|Mixed Platforms.Build.0 = Release|Any CPU
		{001887A1-A043-455F-85C3-D87B48B530E0}.Linux|x64.ActiveCfg = Release|Any CPU
		{001887A1-A043-455F-85C3-D87B48B530E0}.Linux|x86.ActiveCfg = Release|Any CPU
		{001887A1-A043-455F-85C3-D87B48B530E0}.OSX|Any CPU.ActiveCfg = Release|Any CPU
		{001887A1-A043-455F-85C3-D87B48B530E0}.OSX|Any CPU.Build.0 = Release|Any CPU
		{001887A1-A043-455F-85C3-D87B48B530E0}.OSX|ARM.ActiveCfg = Release|Any CPU
		{001887A1-A043-455F-85C3-D87B48B530E0}.OSX|Mixed Platforms.ActiveCfg = Release|Any CPU
		{001887A1-A043-455F-85C3-D87B48B530E0}.OSX|Mixed Platforms.Build.0 = Release|Any CPU
		{001887A1-A043-455F-85C3-D87B48B530E0}.OSX|x64.ActiveCfg = Release|Any CPU
		{001887A1-A043-455F-85C3-D87B48B530E0}.OSX|x86.ActiveCfg = Release|Any CPU
		{001887A1-A043-455F-85C3-D87B48B530E0}.PSM|Any CPU.ActiveCfg = Release|Any CPU
		{001887A1-A043-455F-85C3-D87B48B530E0}.PSM|Any CPU.Build.0 = Release|Any CPU
		{001887A1-A043-455F-85C3-D87B48B530E0}.PSM|ARM.ActiveCfg = Release|Any CPU
		{001887A1-A043-455F-85C3-D87B48B530E0}.PSM|Mixed Platforms.ActiveCfg = Release|Any CPU
		{001887A1-A043-455F-85C3-D87B48B530E0}.PSM|Mixed Platforms.Build.0 = Release|Any CPU
		{001887A1-A043-455F-85C3-D87B48B530E0}.PSM|x64.ActiveCfg = Release|Any CPU
		{001887A1-A043-455F-85C3-D87B48B530E0}.PSM|x86.ActiveCfg = Release|Any CPU
		{001887A1-A043-455F-85C3-D87B48B530E0}.Release|Any CPU.ActiveCfg = Release|Any CPU
		{001887A1-A043-455F-85C3-D87B48B530E0}.Release|Any CPU.Build.0 = Release|Any CPU
		{001887A1-A043-455F-85C3-D87B48B530E0}.Release|ARM.ActiveCfg = Release|Any CPU
		{001887A1-A043-455F-85C3-D87B48B530E0}.Release|Mixed Platforms.ActiveCfg = Release|Any CPU
		{001887A1-A043-455F-85C3-D87B48B530E0}.Release|Mixed Platforms.Build.0 = Release|Any CPU
		{001887A1-A043-455F-85C3-D87B48B530E0}.Release|x64.ActiveCfg = Release|Any CPU
		{001887A1-A043-455F-85C3-D87B48B530E0}.Release|x86.ActiveCfg = Release|Any CPU
		{001887A1-A043-455F-85C3-D87B48B530E0}.Windows|Any CPU.ActiveCfg = Release|Any CPU
		{001887A1-A043-455F-85C3-D87B48B530E0}.Windows|Any CPU.Build.0 = Release|Any CPU
		{001887A1-A043-455F-85C3-D87B48B530E0}.Windows|ARM.ActiveCfg = Release|Any CPU
		{001887A1-A043-455F-85C3-D87B48B530E0}.Windows|Mixed Platforms.ActiveCfg = Release|Any CPU
		{001887A1-A043-455F-85C3-D87B48B530E0}.Windows|Mixed Platforms.Build.0 = Release|Any CPU
		{001887A1-A043-455F-85C3-D87B48B530E0}.Windows|x64.ActiveCfg = Release|Any CPU
		{001887A1-A043-455F-85C3-D87B48B530E0}.Windows|x86.ActiveCfg = Release|Any CPU
		{001887A1-A043-455F-85C3-D87B48B530E0}.Windows8|Any CPU.ActiveCfg = Release|Any CPU
		{001887A1-A043-455F-85C3-D87B48B530E0}.Windows8|Any CPU.Build.0 = Release|Any CPU
		{001887A1-A043-455F-85C3-D87B48B530E0}.Windows8|ARM.ActiveCfg = Release|Any CPU
		{001887A1-A043-455F-85C3-D87B48B530E0}.Windows8|Mixed Platforms.ActiveCfg = Release|Any CPU
		{001887A1-A043-455F-85C3-D87B48B530E0}.Windows8|Mixed Platforms.Build.0 = Release|Any CPU
		{001887A1-A043-455F-85C3-D87B48B530E0}.Windows8|x64.ActiveCfg = Release|Any CPU
		{001887A1-A043-455F-85C3-D87B48B530E0}.Windows8|x86.ActiveCfg = Release|Any CPU
		{267EDCAB-F1BF-4678-B412-DCA86AFB2603}.Android|Any CPU.ActiveCfg = Release|Any CPU
		{267EDCAB-F1BF-4678-B412-DCA86AFB2603}.Android|Any CPU.Build.0 = Release|Any CPU
		{267EDCAB-F1BF-4678-B412-DCA86AFB2603}.Android|ARM.ActiveCfg = Release|Any CPU
		{267EDCAB-F1BF-4678-B412-DCA86AFB2603}.Android|Mixed Platforms.ActiveCfg = Release|Any CPU
		{267EDCAB-F1BF-4678-B412-DCA86AFB2603}.Android|Mixed Platforms.Build.0 = Release|Any CPU
		{267EDCAB-F1BF-4678-B412-DCA86AFB2603}.Android|x64.ActiveCfg = Release|Any CPU
		{267EDCAB-F1BF-4678-B412-DCA86AFB2603}.Android|x86.ActiveCfg = Release|Any CPU
		{267EDCAB-F1BF-4678-B412-DCA86AFB2603}.Debug|Any CPU.ActiveCfg = Debug|Any CPU
		{267EDCAB-F1BF-4678-B412-DCA86AFB2603}.Debug|Any CPU.Build.0 = Debug|Any CPU
		{267EDCAB-F1BF-4678-B412-DCA86AFB2603}.Debug|ARM.ActiveCfg = Debug|Any CPU
		{267EDCAB-F1BF-4678-B412-DCA86AFB2603}.Debug|Mixed Platforms.ActiveCfg = Debug|Any CPU
		{267EDCAB-F1BF-4678-B412-DCA86AFB2603}.Debug|Mixed Platforms.Build.0 = Debug|Any CPU
		{267EDCAB-F1BF-4678-B412-DCA86AFB2603}.Debug|x64.ActiveCfg = Debug|Any CPU
		{267EDCAB-F1BF-4678-B412-DCA86AFB2603}.Debug|x86.ActiveCfg = Debug|Any CPU
		{267EDCAB-F1BF-4678-B412-DCA86AFB2603}.iOS|Any CPU.ActiveCfg = Release|Any CPU
		{267EDCAB-F1BF-4678-B412-DCA86AFB2603}.iOS|Any CPU.Build.0 = Release|Any CPU
		{267EDCAB-F1BF-4678-B412-DCA86AFB2603}.iOS|ARM.ActiveCfg = Release|Any CPU
		{267EDCAB-F1BF-4678-B412-DCA86AFB2603}.iOS|Mixed Platforms.ActiveCfg = Release|Any CPU
		{267EDCAB-F1BF-4678-B412-DCA86AFB2603}.iOS|Mixed Platforms.Build.0 = Release|Any CPU
		{267EDCAB-F1BF-4678-B412-DCA86AFB2603}.iOS|x64.ActiveCfg = Release|Any CPU
		{267EDCAB-F1BF-4678-B412-DCA86AFB2603}.iOS|x86.ActiveCfg = Release|Any CPU
		{267EDCAB-F1BF-4678-B412-DCA86AFB2603}.Linux|Any CPU.ActiveCfg = Release|Any CPU
		{267EDCAB-F1BF-4678-B412-DCA86AFB2603}.Linux|Any CPU.Build.0 = Release|Any CPU
		{267EDCAB-F1BF-4678-B412-DCA86AFB2603}.Linux|ARM.ActiveCfg = Release|Any CPU
		{267EDCAB-F1BF-4678-B412-DCA86AFB2603}.Linux|Mixed Platforms.ActiveCfg = Release|Any CPU
		{267EDCAB-F1BF-4678-B412-DCA86AFB2603}.Linux|Mixed Platforms.Build.0 = Release|Any CPU
		{267EDCAB-F1BF-4678-B412-DCA86AFB2603}.Linux|x64.ActiveCfg = Release|Any CPU
		{267EDCAB-F1BF-4678-B412-DCA86AFB2603}.Linux|x86.ActiveCfg = Release|Any CPU
		{267EDCAB-F1BF-4678-B412-DCA86AFB2603}.OSX|Any CPU.ActiveCfg = Release|Any CPU
		{267EDCAB-F1BF-4678-B412-DCA86AFB2603}.OSX|Any CPU.Build.0 = Release|Any CPU
		{267EDCAB-F1BF-4678-B412-DCA86AFB2603}.OSX|ARM.ActiveCfg = Release|Any CPU
		{267EDCAB-F1BF-4678-B412-DCA86AFB2603}.OSX|Mixed Platforms.ActiveCfg = Release|Any CPU
		{267EDCAB-F1BF-4678-B412-DCA86AFB2603}.OSX|Mixed Platforms.Build.0 = Release|Any CPU
		{267EDCAB-F1BF-4678-B412-DCA86AFB2603}.OSX|x64.ActiveCfg = Release|Any CPU
		{267EDCAB-F1BF-4678-B412-DCA86AFB2603}.OSX|x86.ActiveCfg = Release|Any CPU
		{267EDCAB-F1BF-4678-B412-DCA86AFB2603}.PSM|Any CPU.ActiveCfg = Release|Any CPU
		{267EDCAB-F1BF-4678-B412-DCA86AFB2603}.PSM|Any CPU.Build.0 = Release|Any CPU
		{267EDCAB-F1BF-4678-B412-DCA86AFB2603}.PSM|ARM.ActiveCfg = Release|Any CPU
		{267EDCAB-F1BF-4678-B412-DCA86AFB2603}.PSM|Mixed Platforms.ActiveCfg = Release|Any CPU
		{267EDCAB-F1BF-4678-B412-DCA86AFB2603}.PSM|Mixed Platforms.Build.0 = Release|Any CPU
		{267EDCAB-F1BF-4678-B412-DCA86AFB2603}.PSM|x64.ActiveCfg = Release|Any CPU
		{267EDCAB-F1BF-4678-B412-DCA86AFB2603}.PSM|x86.ActiveCfg = Release|Any CPU
		{267EDCAB-F1BF-4678-B412-DCA86AFB2603}.Release|Any CPU.ActiveCfg = Release|Any CPU
		{267EDCAB-F1BF-4678-B412-DCA86AFB2603}.Release|Any CPU.Build.0 = Release|Any CPU
		{267EDCAB-F1BF-4678-B412-DCA86AFB2603}.Release|ARM.ActiveCfg = Release|Any CPU
		{267EDCAB-F1BF-4678-B412-DCA86AFB2603}.Release|Mixed Platforms.ActiveCfg = Release|Any CPU
		{267EDCAB-F1BF-4678-B412-DCA86AFB2603}.Release|Mixed Platforms.Build.0 = Release|Any CPU
		{267EDCAB-F1BF-4678-B412-DCA86AFB2603}.Release|x64.ActiveCfg = Release|Any CPU
		{267EDCAB-F1BF-4678-B412-DCA86AFB2603}.Release|x86.ActiveCfg = Release|Any CPU
		{267EDCAB-F1BF-4678-B412-DCA86AFB2603}.Windows|Any CPU.ActiveCfg = Release|Any CPU
		{267EDCAB-F1BF-4678-B412-DCA86AFB2603}.Windows|Any CPU.Build.0 = Release|Any CPU
		{267EDCAB-F1BF-4678-B412-DCA86AFB2603}.Windows|ARM.ActiveCfg = Release|Any CPU
		{267EDCAB-F1BF-4678-B412-DCA86AFB2603}.Windows|Mixed Platforms.ActiveCfg = Release|Any CPU
		{267EDCAB-F1BF-4678-B412-DCA86AFB2603}.Windows|Mixed Platforms.Build.0 = Release|Any CPU
		{267EDCAB-F1BF-4678-B412-DCA86AFB2603}.Windows|x64.ActiveCfg = Release|Any CPU
		{267EDCAB-F1BF-4678-B412-DCA86AFB2603}.Windows|x86.ActiveCfg = Release|Any CPU
		{267EDCAB-F1BF-4678-B412-DCA86AFB2603}.Windows8|Any CPU.ActiveCfg = Release|Any CPU
		{267EDCAB-F1BF-4678-B412-DCA86AFB2603}.Windows8|Any CPU.Build.0 = Release|Any CPU
		{267EDCAB-F1BF-4678-B412-DCA86AFB2603}.Windows8|ARM.ActiveCfg = Release|Any CPU
		{267EDCAB-F1BF-4678-B412-DCA86AFB2603}.Windows8|Mixed Platforms.ActiveCfg = Release|Any CPU
		{267EDCAB-F1BF-4678-B412-DCA86AFB2603}.Windows8|Mixed Platforms.Build.0 = Release|Any CPU
		{267EDCAB-F1BF-4678-B412-DCA86AFB2603}.Windows8|x64.ActiveCfg = Release|Any CPU
		{267EDCAB-F1BF-4678-B412-DCA86AFB2603}.Windows8|x86.ActiveCfg = Release|Any CPU
	EndGlobalSection
	GlobalSection(SolutionProperties) = preSolution
		HideSolutionNode = FALSE
	EndGlobalSection
	GlobalSection(NestedProjects) = preSolution
		{D5E60CBA-CC8C-4EDE-9212-9C660A4B558B} = {0766DDEE-2B34-4218-A560-41656291D1B8}
		{370C3028-2B87-4F29-A722-C4B4873BF813} = {0766DDEE-2B34-4218-A560-41656291D1B8}
		{315555C8-9848-40A9-8BB2-01337D2CAABF} = {0766DDEE-2B34-4218-A560-41656291D1B8}
		{681CB816-F991-44AF-AF0E-52114D02DAE8} = {F29EE311-BF5E-4972-863F-AAFD710EA650}
		{1A34935D-D462-4D2B-AF00-36B4A599AB0F} = {F29EE311-BF5E-4972-863F-AAFD710EA650}
		{014EAFCB-5757-4768-8F33-0AA8F67F1E44} = {F29EE311-BF5E-4972-863F-AAFD710EA650}
		{3DCC7071-6360-4E30-922F-4C9544E4838A} = {F29EE311-BF5E-4972-863F-AAFD710EA650}
		{CEE2B382-4F02-4693-AE8D-2DF483DD88CC} = {AA05FBE3-4E25-4F19-82A2-3145C3EFB98B}
		{001887A1-A043-455F-85C3-D87B48B530E0} = {AA05FBE3-4E25-4F19-82A2-3145C3EFB98B}
	EndGlobalSection
EndGlobal
