
Microsoft Visual Studio Solution File, Format Version 11.00
# Visual Studio 2010
Project("{FAE04EC0-301F-11D3-BF4B-00C04F79EFBC}") = "GameEngineContent", "GameEngineContent\GameEngineContent.contentproj", "{495B932E-B8A9-4459-AA44-298C24098CBF}"
EndProject
Project("{FAE04EC0-301F-11D3-BF4B-00C04F79EFBC}") = "GameEngine", "GameEngine\GameEngine.csproj", "{8517CBE5-7069-41F2-ACEB-D7EEDE66BD8F}"
EndProject
Project("{2150E333-8FDC-42A3-9474-1A3956D46DE8}") = "Solution Items", "Solution Items", "{497DB935-39DD-40A7-8A0E-EC12A710328B}"
	ProjectSection(SolutionItems) = preProject
		Readme.txt = Readme.txt
		Settings.StyleCop = Settings.StyleCop
		Todo.txt = Todo.txt
	EndProjectSection
EndProject
Global
	GlobalSection(SolutionConfigurationPlatforms) = preSolution
		Debug|x86 = Debug|x86
		Release|x86 = Release|x86
	EndGlobalSection
	GlobalSection(ProjectConfigurationPlatforms) = postSolution
		{495B932E-B8A9-4459-AA44-298C24098CBF}.Debug|x86.ActiveCfg = Debug|x86
		{495B932E-B8A9-4459-AA44-298C24098CBF}.Release|x86.ActiveCfg = Release|x86
		{8517CBE5-7069-41F2-ACEB-D7EEDE66BD8F}.Debug|x86.ActiveCfg = Debug|x86
		{8517CBE5-7069-41F2-ACEB-D7EEDE66BD8F}.Debug|x86.Build.0 = Debug|x86
		{8517CBE5-7069-41F2-ACEB-D7EEDE66BD8F}.Release|x86.ActiveCfg = Release|x86
		{8517CBE5-7069-41F2-ACEB-D7EEDE66BD8F}.Release|x86.Build.0 = Release|x86
	EndGlobalSection
	GlobalSection(SolutionProperties) = preSolution
		HideSolutionNode = FALSE
	EndGlobalSection
EndGlobal
